<?xml version="1.0" encoding="utf-8"?>
<Project ToolsVersion="4.0" xmlns="http://schemas.microsoft.com/developer/msbuild/2003">
  <ItemGroup>
    <Filter Include="01. Scene">
      <UniqueIdentifier>{c910fbdc-35cd-46e7-a407-e3d6e36101eb}</UniqueIdentifier>
    </Filter>
    <Filter Include="02. Layer">
      <UniqueIdentifier>{b6e12877-48e4-48fc-9179-83c3718bedcb}</UniqueIdentifier>
    </Filter>
    <Filter Include="03. GameObject">
      <UniqueIdentifier>{ead62817-8cb1-4359-82c0-2693290c8bb0}</UniqueIdentifier>
    </Filter>
    <Filter Include="04. Component">
      <UniqueIdentifier>{a166cce1-ad56-4431-8be2-6f59659a1a9f}</UniqueIdentifier>
    </Filter>
    <Filter Include="99. Export">
      <UniqueIdentifier>{254f8fb1-1e58-4868-8f35-a3c2bdcbdc4e}</UniqueIdentifier>
    </Filter>
    <Filter Include="00. Managers">
      <UniqueIdentifier>{2845308d-e12d-4ce0-b8f2-2f9770dca64f}</UniqueIdentifier>
    </Filter>
    <Filter Include="00. Managers\00. SceneManager.h">
      <UniqueIdentifier>{fb0c6a72-63a0-49ce-9728-7f92b7ec6644}</UniqueIdentifier>
    </Filter>
    <Filter Include="00. Managers\01. PrototypeManager">
      <UniqueIdentifier>{2c66c4e1-444a-4a44-a451-e6c6a86c5a42}</UniqueIdentifier>
    </Filter>
    <Filter Include="00. Managers\02. CollisionManager">
      <UniqueIdentifier>{89499358-f3eb-4001-99d1-341f2d15825b}</UniqueIdentifier>
    </Filter>
    <Filter Include="00. Managers\03. EventManager">
      <UniqueIdentifier>{d9bab12a-81f9-4830-b188-dbf5abfbdfb8}</UniqueIdentifier>
    </Filter>
    <Filter Include="04. Component\01. VIBuffer">
      <UniqueIdentifier>{71c8fe85-b634-4c60-b3ac-7ac5d6d10c19}</UniqueIdentifier>
    </Filter>
    <Filter Include="04. Component\02. Transform">
      <UniqueIdentifier>{bb29c6d4-4195-4298-8275-dba0a89a8e20}</UniqueIdentifier>
    </Filter>
    <Filter Include="04. Component\03. Collider">
      <UniqueIdentifier>{d8861cf6-07bf-4239-ade8-c45ed54bff2e}</UniqueIdentifier>
    </Filter>
    <Filter Include="04. Component\04. RigidBody">
      <UniqueIdentifier>{476911f2-e736-4663-ad83-0924918b1d48}</UniqueIdentifier>
    </Filter>
    <Filter Include="04. Component\05. Texture">
      <UniqueIdentifier>{1f3fb31a-85f3-45f7-beba-81c4dbdf7257}</UniqueIdentifier>
    </Filter>
    <Filter Include="04. Component\00. BaseClass">
      <UniqueIdentifier>{5461ee0d-9681-458a-a37d-6f3d99fc1474}</UniqueIdentifier>
    </Filter>
    <Filter Include="00. Managers\05. Renderer">
      <UniqueIdentifier>{ca28d23c-a8a5-49a6-be35-78add592fdf3}</UniqueIdentifier>
    </Filter>
    <Filter Include="00. Managers\04. UIManager">
      <UniqueIdentifier>{77b26578-6243-4906-a7f5-8e01b548a587}</UniqueIdentifier>
    </Filter>
    <Filter Include="03. GameObject\00. BaseClass">
      <UniqueIdentifier>{3756d236-7b6b-4191-8a4b-a3c18ccb3841}</UniqueIdentifier>
    </Filter>
    <Filter Include="03. GameObject\02. Cube">
      <UniqueIdentifier>{4290d5ff-2278-4229-af4a-98e10cc60da0}</UniqueIdentifier>
    </Filter>
    <Filter Include="04. Component\01. VIBuffer\00. VIBuffer">
      <UniqueIdentifier>{51b0b468-48c0-4720-a0b2-218565d25ad5}</UniqueIdentifier>
    </Filter>
    <Filter Include="04. Component\01. VIBuffer\01. PlayerBf">
      <UniqueIdentifier>{306bc3f8-0fce-4597-aac7-687a976ec7aa}</UniqueIdentifier>
    </Filter>
    <Filter Include="04. Component\01. VIBuffer\04. CubeBf">
      <UniqueIdentifier>{5af647de-da05-491c-8067-ab40bbdb8b80}</UniqueIdentifier>
    </Filter>
    <Filter Include="03. GameObject\03. Monster">
      <UniqueIdentifier>{9c3ec071-343f-42c1-9938-b27807fcb74a}</UniqueIdentifier>
    </Filter>
    <Filter Include="00. Managers\06. LightManager">
      <UniqueIdentifier>{93f1d9c0-3cad-48b4-826b-44e76269e75f}</UniqueIdentifier>
    </Filter>
    <Filter Include="04. Component\06. Light">
      <UniqueIdentifier>{a5de899b-8df8-4571-a843-e0aeb3bffec1}</UniqueIdentifier>
    </Filter>
    <Filter Include="04. Component\07. Camera">
      <UniqueIdentifier>{c5ac6bd4-5b28-4eb9-afc9-59d6632e23cc}</UniqueIdentifier>
    </Filter>
    <Filter Include="04. Component\10. Animator">
      <UniqueIdentifier>{5ed448b6-a29c-4c69-b7ae-8d62ffa33271}</UniqueIdentifier>
    </Filter>
    <Filter Include="03. GameObject\01. TempCamera">
      <UniqueIdentifier>{2217ea22-0b13-43e5-833e-c52fec4d8351}</UniqueIdentifier>
    </Filter>
    <Filter Include="00. Managers\08. MapTool">
      <UniqueIdentifier>{e26fb72a-acc3-4bfe-af01-388217029136}</UniqueIdentifier>
    </Filter>
    <Filter Include="00. Managers\07. PoolManager">
      <UniqueIdentifier>{3ca53c11-387c-45cc-a945-6b841ea0f775}</UniqueIdentifier>
    </Filter>
    <Filter Include="04. Component\01. VIBuffer\03. RcBf">
      <UniqueIdentifier>{6d237d50-e41c-46ab-a585-122cf4b489d0}</UniqueIdentifier>
    </Filter>
    <Filter Include="04. Component\01. VIBuffer\02. TerrainBf">
      <UniqueIdentifier>{471259d0-f2cd-4590-928c-73307088378e}</UniqueIdentifier>
    </Filter>
    <Filter Include="00. Managers\07. PoolManager\00. PoolManager">
      <UniqueIdentifier>{67eea8c4-5ece-4bb3-a6a1-6504c7af98d5}</UniqueIdentifier>
    </Filter>
    <Filter Include="00. Managers\07. PoolManager\01. SpawningPool">
      <UniqueIdentifier>{912997c4-6543-42f8-9c05-342cbe7ed342}</UniqueIdentifier>
    </Filter>
    <Filter Include="04. Component\11. Particle">
      <UniqueIdentifier>{97c7a651-d0e6-4fa9-9eb0-7ef531eb5d72}</UniqueIdentifier>
    </Filter>
    <Filter Include="03. GameObject\04. Boss">
      <UniqueIdentifier>{fa927c00-7bb4-41b0-ac52-142ddfcff89a}</UniqueIdentifier>
    </Filter>
    <Filter Include="03. GameObject\05. Item">
      <UniqueIdentifier>{d3dc4707-b10b-4b7e-a67b-fcaacde0ed08}</UniqueIdentifier>
    </Filter>
    <Filter Include="04. Component\08. Stat">
      <UniqueIdentifier>{42f4859e-9f12-42ee-84f5-0765b917ee73}</UniqueIdentifier>
    </Filter>
    <Filter Include="04. Component\08. Stat\01. PlayerStat">
      <UniqueIdentifier>{31313138-29b6-49be-9b23-3d14a537eae1}</UniqueIdentifier>
    </Filter>
    <Filter Include="04. Component\08. Stat\00. BasicStat">
      <UniqueIdentifier>{a66b9f4b-4676-435a-81fc-b8fb190cceb0}</UniqueIdentifier>
    </Filter>
    <Filter Include="04. Component\08. Stat\02. EquipStat">
      <UniqueIdentifier>{5c3eee5c-0cbc-4dc7-9839-e17fcd6f4686}</UniqueIdentifier>
    </Filter>
    <Filter Include="04. Component\08. Stat\03. CosumStat">
      <UniqueIdentifier>{24dcd881-f609-40d1-930c-13fcb62c6734}</UniqueIdentifier>
    </Filter>
    <Filter Include="04. Component\12. BillBoard">
      <UniqueIdentifier>{ba0906d7-d1de-4c25-8f6c-84db08456e9b}</UniqueIdentifier>
    </Filter>
    <Filter Include="04. Component\09. MonsterAI">
      <UniqueIdentifier>{79996208-1762-41cd-b22f-c09bb01161cf}</UniqueIdentifier>
    </Filter>
    <Filter Include="04. Component\13. State">
      <UniqueIdentifier>{c8aff655-0637-4774-8315-aedb256b73ba}</UniqueIdentifier>
    </Filter>
    <Filter Include="03. GameObject\06. TempUI">
      <UniqueIdentifier>{5909a8e6-855d-49bf-bb3b-b0014bca51cf}</UniqueIdentifier>
    </Filter>
    <Filter Include="04. Component\09. MonsterAI\DungeonAI">
      <UniqueIdentifier>{869522ca-7e3e-4f99-b1f7-ffc5568cbdec}</UniqueIdentifier>
    </Filter>
    <Filter Include="04. Component\09. MonsterAI\DungeonAI\WarriorAI">
      <UniqueIdentifier>{84b9d32a-f459-4858-8682-22100dac7ea4}</UniqueIdentifier>
    </Filter>
    <Filter Include="04. Component\09. MonsterAI\DungeonAI\SpiderAI">
      <UniqueIdentifier>{54309e0d-134d-4c43-ad74-f1ecb5a3d746}</UniqueIdentifier>
    </Filter>
     <Filter Include="04. Component\09. MonsterAI\999,BossAI">
      <UniqueIdentifier>{c4deb4c5-75bd-4a73-b330-499f80cbddff}</UniqueIdentifier>
    </Filter>
    <Filter Include="04. Component\01. VIBuffer\05. BossBf">
      <UniqueIdentifier>{beb92803-f568-4903-9742-0586fb71b7ec}</UniqueIdentifier>
    </Filter>
  </ItemGroup>
  <ItemGroup>
    <ClInclude Include="..\..\Header\Scene.h">
      <Filter>01. Scene</Filter>
    </ClInclude>
    <ClInclude Include="..\..\Header\Layer.h">
      <Filter>02. Layer</Filter>
    </ClInclude>
    <ClInclude Include="..\..\Header\Export_Utility.h">
      <Filter>99. Export</Filter>
    </ClInclude>
    <ClInclude Include="..\..\Header\PlayerBf.h">
      <Filter>04. Component\01. VIBuffer\01. PlayerBf</Filter>
    </ClInclude>
    <ClInclude Include="..\..\Header\Transform.h">
      <Filter>04. Component\02. Transform</Filter>
    </ClInclude>
    <ClInclude Include="..\..\Header\Texture.h">
      <Filter>04. Component\05. Texture</Filter>
    </ClInclude>
    <ClInclude Include="..\..\Header\RcTex.h">
      <Filter>04. Component\01. VIBuffer\03. RcBf</Filter>
    </ClInclude>
    <ClInclude Include="..\..\Header\TerrainTex.h">
      <Filter>04. Component\01. VIBuffer\02. TerrainBf</Filter>
    </ClInclude>
    <ClInclude Include="..\..\Header\TempCamera.h">
      <Filter>03. GameObject\01. TempCamera</Filter>
    </ClInclude>
    <ClInclude Include="..\..\Header\CubeBf.h">
      <Filter>04. Component\01. VIBuffer\04. CubeBf</Filter>
    </ClInclude>
    <ClInclude Include="..\..\Header\SceneManager.h">
      <Filter>00. Managers\00. SceneManager.h</Filter>
    </ClInclude>
    <ClInclude Include="..\..\Header\CollisionManager.h">
      <Filter>00. Managers\02. CollisionManager</Filter>
    </ClInclude>
    <ClInclude Include="..\..\Header\EventManager.h">
      <Filter>00. Managers\03. EventManager</Filter>
    </ClInclude>
    <ClInclude Include="..\..\Header\PrototypeManager.h">
      <Filter>00. Managers\01. PrototypeManager</Filter>
    </ClInclude>
    <ClInclude Include="..\..\Header\Renderer.h">
      <Filter>00. Managers\05. Renderer</Filter>
    </ClInclude>
    <ClInclude Include="..\..\Header\Collider.h">
      <Filter>04. Component\03. Collider</Filter>
    </ClInclude>
    <ClInclude Include="..\..\Header\RigidBody.h">
      <Filter>04. Component\04. RigidBody</Filter>
    </ClInclude>
    <ClInclude Include="..\..\Header\UIManager.h">
      <Filter>00. Managers\04. UIManager</Filter>
    </ClInclude>
    <ClInclude Include="..\..\Header\Component.h">
      <Filter>04. Component\00. BaseClass</Filter>
    </ClInclude>
    <ClInclude Include="..\..\Header\Cube.h">
      <Filter>03. GameObject\02. Cube</Filter>
    </ClInclude>
    <ClInclude Include="..\..\Header\GameObject.h">
      <Filter>03. GameObject\00. BaseClass</Filter>
    </ClInclude>
    <ClInclude Include="..\..\Header\VIBuffer.h">
      <Filter>04. Component\01. VIBuffer\00. VIBuffer</Filter>
    </ClInclude>
    <ClInclude Include="..\..\Header\Monster.h">
      <Filter>03. GameObject\03. Monster</Filter>
    </ClInclude>
    <ClInclude Include="..\..\Header\LightManager.h">
      <Filter>00. Managers\06. LightManager</Filter>
    </ClInclude>
    <ClInclude Include="..\..\Header\Light.h">
      <Filter>04. Component\06. Light</Filter>
    </ClInclude>
    <ClInclude Include="..\..\Header\MonsterAI.h">
      <Filter>04. Component\09. MonsterAI</Filter>
    </ClInclude>
    <ClInclude Include="..\..\Header\Camera.h">
      <Filter>04. Component\07. Camera</Filter>
    </ClInclude>
    <ClInclude Include="..\..\Header\Animator.h">
      <Filter>04. Component\10. Animator</Filter>
    </ClInclude>
    <ClInclude Include="..\..\Header\PoolManager.h">
      <Filter>00. Managers\07. PoolManager\00. PoolManager</Filter>
    </ClInclude>
    <ClInclude Include="..\..\Header\SpawningPool.h">
      <Filter>00. Managers\07. PoolManager\01. SpawningPool</Filter>
    </ClInclude>
    <ClInclude Include="..\..\Header\Particle.h">
      <Filter>04. Component\11. Particle</Filter>
    </ClInclude>
    <ClInclude Include="..\..\Header\Boss.h">
      <Filter>03. GameObject\04. Boss</Filter>
    </ClInclude>
    <ClInclude Include="..\..\Header\Item.h">
      <Filter>03. GameObject\05. Item</Filter>
    </ClInclude>
    <ClInclude Include="..\..\Header\BasicStat.h">
      <Filter>04. Component\08. Stat\00. BasicStat</Filter>
    </ClInclude>
    <ClInclude Include="..\..\Header\BillBoard.h">
      <Filter>04. Component\12. BillBoard</Filter>
    </ClInclude>
    <ClInclude Include="..\..\Header\State.h">
      <Filter>04. Component\13. State</Filter>
    </ClInclude>
    <ClInclude Include="..\..\Header\TempUI.h">
      <Filter>03. GameObject\06. TempUI</Filter>
    </ClInclude>
    <ClInclude Include="..\..\Header\WarriorAI.h">
      <Filter>04. Component\09. MonsterAI\DungeonAI\WarriorAI</Filter>
    </ClInclude>
    <ClInclude Include="..\..\Header\SpiderAI.h">
      <Filter>04. Component\09. MonsterAI\DungeonAI\SpiderAI</Filter>
    </ClInclude>
    <ClInclude Include="..\..\Header\BossAI.h">
      <Filter>04. Component\09. MonsterAI\999,BossAI</Filter>
    </ClInclude>
    <ClInclude Include="..\..\Header\BossBf.h">
      <Filter>04. Component\01. VIBuffer\05. BossBf</Filter>
    </ClInclude>
  </ItemGroup>
  <ItemGroup>
    <ClCompile Include="..\Code\Scene.cpp">
      <Filter>01. Scene</Filter>
    </ClCompile>
    <ClCompile Include="..\Code\Layer.cpp">
      <Filter>02. Layer</Filter>
    </ClCompile>
    <ClCompile Include="..\Code\PlayerBf.cpp">
      <Filter>04. Component\01. VIBuffer\01. PlayerBf</Filter>
    </ClCompile>
    <ClCompile Include="..\Code\Transform.cpp">
      <Filter>04. Component\02. Transform</Filter>
    </ClCompile>
    <ClCompile Include="..\Code\Texture.cpp">
      <Filter>04. Component\05. Texture</Filter>
    </ClCompile>
    <ClCompile Include="..\Code\RcTex.cpp">
      <Filter>04. Component\01. VIBuffer\03. RcBf</Filter>
    </ClCompile>
    <ClCompile Include="..\Code\TerrainTex.cpp">
      <Filter>04. Component\01. VIBuffer\02. TerrainBf</Filter>
    </ClCompile>
    <ClCompile Include="..\Code\TempCamera.cpp">
      <Filter>03. GameObject\01. TempCamera</Filter>
    </ClCompile>
    <ClCompile Include="..\Code\CubeBf.cpp">
      <Filter>04. Component\01. VIBuffer\04. CubeBf</Filter>
    </ClCompile>
    <ClCompile Include="..\Code\SceneManager.cpp">
      <Filter>00. Managers\00. SceneManager.h</Filter>
    </ClCompile>
    <ClCompile Include="..\Code\CollisionManager.cpp">
      <Filter>00. Managers\02. CollisionManager</Filter>
    </ClCompile>
    <ClCompile Include="..\Code\EventManager.cpp">
      <Filter>00. Managers\03. EventManager</Filter>
    </ClCompile>
    <ClCompile Include="..\Code\PrototypeManager.cpp">
      <Filter>00. Managers\01. PrototypeManager</Filter>
    </ClCompile>
    <ClCompile Include="..\Code\Renderer.cpp">
      <Filter>00. Managers\05. Renderer</Filter>
    </ClCompile>
    <ClCompile Include="..\Code\Collider.cpp">
      <Filter>04. Component\03. Collider</Filter>
    </ClCompile>
    <ClCompile Include="..\Code\RigidBody.cpp">
      <Filter>04. Component\04. RigidBody</Filter>
    </ClCompile>
    <ClCompile Include="..\Code\UIManager.cpp">
      <Filter>00. Managers\04. UIManager</Filter>
    </ClCompile>
    <ClCompile Include="..\Code\Component.cpp">
      <Filter>04. Component\00. BaseClass</Filter>
    </ClCompile>
    <ClCompile Include="..\Code\GameObject.cpp">
      <Filter>03. GameObject\00. BaseClass</Filter>
    </ClCompile>
    <ClCompile Include="..\Code\Cube.cpp">
      <Filter>03. GameObject\02. Cube</Filter>
    </ClCompile>
    <ClCompile Include="..\Code\VIBuffer.cpp">
      <Filter>04. Component\01. VIBuffer\00. VIBuffer</Filter>
    </ClCompile>
    <ClCompile Include="..\Code\Monster.cpp">
      <Filter>03. GameObject\03. Monster</Filter>
    </ClCompile>
    <ClCompile Include="..\Code\LightManager.cpp">
      <Filter>00. Managers\06. LightManager</Filter>
    </ClCompile>
    <ClCompile Include="..\Code\Light.cpp">
      <Filter>04. Component\06. Light</Filter>
    </ClCompile>
    <ClCompile Include="..\Code\MonsterAI.cpp">
      <Filter>04. Component\09. MonsterAI</Filter>
    </ClCompile>
    <ClCompile Include="..\Code\Camera.cpp">
      <Filter>04. Component\07. Camera</Filter>
    </ClCompile>
    <ClCompile Include="..\Code\Animator.cpp">
      <Filter>04. Component\10. Animator</Filter>
    </ClCompile>
    <ClCompile Include="..\Code\PoolManager.cpp">
      <Filter>00. Managers\07. PoolManager\00. PoolManager</Filter>
    </ClCompile>
    <ClCompile Include="..\Code\SpawningPool.cpp">
      <Filter>00. Managers\07. PoolManager\01. SpawningPool</Filter>
    </ClCompile>
    <ClCompile Include="..\Code\Particle.cpp">
      <Filter>04. Component\11. Particle</Filter>
    </ClCompile>
    <ClCompile Include="..\Code\Boss.cpp">
      <Filter>03. GameObject\04. Boss</Filter>
    </ClCompile>
    <ClCompile Include="..\Code\Item.cpp">
      <Filter>03. GameObject\05. Item</Filter>
    </ClCompile>
    <ClCompile Include="..\Code\BasicStat.cpp">
      <Filter>04. Component\08. Stat\00. BasicStat</Filter>
    </ClCompile>
    <ClCompile Include="..\Code\BillBoard.cpp">
      <Filter>04. Component\12. BillBoard</Filter>
    </ClCompile>
    <ClCompile Include="..\Code\State.cpp">
      <Filter>04. Component\13. State</Filter>
    </ClCompile>
    <ClCompile Include="..\Code\TempUI.cpp">
      <Filter>03. GameObject\06. TempUI</Filter>
    </ClCompile>
    <ClCompile Include="..\Code\WarriorAI.cpp">
      <Filter>04. Component\09. MonsterAI\DungeonAI\WarriorAI</Filter>
    </ClCompile>
    <ClCompile Include="..\Code\SpiderAI.cpp">
      <Filter>04. Component\09. MonsterAI\DungeonAI\SpiderAI</Filter>
    </ClCompile>
    <ClCompile Include="..\Code\BossAI.cpp">
      <Filter>04. Component\09. MonsterAI\999,BossAI</Filter>
    </ClCompile>
    <ClCompile Include="..\Code\BossBf.cpp">
      <Filter>04. Component\01. VIBuffer\05. BossBf</Filter>
    </ClCompile>
  </ItemGroup>
  <ItemGroup>
    <None Include="..\..\Header\Export_Utility.inl">
      <Filter>99. Export</Filter>
    </None>
  </ItemGroup>
</Project>