<?xml version="1.0" encoding="utf-8"?>
<Project ToolsVersion="4.0" xmlns="http://schemas.microsoft.com/developer/msbuild/2003">
  <ItemGroup>
    <Filter Include="00. MainApp">
      <UniqueIdentifier>{54072560-0ca5-4dc0-8256-18cb96e858e8}</UniqueIdentifier>
    </Filter>
    <Filter Include="01. Scene">
      <UniqueIdentifier>{daf89680-9697-4e5e-bd4e-7436051cfbbf}</UniqueIdentifier>
    </Filter>
    <Filter Include="01. Scene\00. Logo">
      <UniqueIdentifier>{06dc1b76-8beb-4d64-8e1c-41231208a3d9}</UniqueIdentifier>
    </Filter>
    <Filter Include="01. Scene\01. Stage">
      <UniqueIdentifier>{4a6f84dc-73b6-43fb-80a1-6b14c92a3ca7}</UniqueIdentifier>
    </Filter>
    <Filter Include="02. GameObject">
      <UniqueIdentifier>{9c45403b-7aaa-4a2a-b325-b8d24758c2f4}</UniqueIdentifier>
    </Filter>
    <Filter Include="02. GameObject\00. Logo">
      <UniqueIdentifier>{0b23f715-4934-43c0-9d7d-6ad8b8543e24}</UniqueIdentifier>
    </Filter>
    <Filter Include="02. GameObject\01. Stage">
      <UniqueIdentifier>{dfd5b373-d4ba-4475-828c-edc19ba750d3}</UniqueIdentifier>
    </Filter>
    <Filter Include="02. GameObject\00. Logo\00. BackGround">
      <UniqueIdentifier>{82461e52-4280-4c90-94fb-6fb6e85c9d17}</UniqueIdentifier>
    </Filter>
    <Filter Include="02. GameObject\01. Stage\01. Player">
      <UniqueIdentifier>{20823db4-7296-49fd-9b7e-f63ac149528c}</UniqueIdentifier>
    </Filter>
    <Filter Include="02. GameObject\01. Stage\03. Terrain">
      <UniqueIdentifier>{5b40bb16-6bf6-4df5-8660-8d3ca952fcf7}</UniqueIdentifier>
    </Filter>
    <Filter Include="02. GameObject\01. Stage\04. SkyBox">
      <UniqueIdentifier>{2c89ba8f-9d33-4cd1-b868-932d2dbd28fe}</UniqueIdentifier>
    </Filter>
    <Filter Include="02. GameObject\01. Stage\05. Cube">
      <UniqueIdentifier>{d8cb7475-93e7-49af-be6f-f3bb2f1807d4}</UniqueIdentifier>
    </Filter>
    <Filter Include="02. GameObject\01. Stage\05. Cube\00. CubeBlock">
      <UniqueIdentifier>{80562d12-8b51-4d26-8a46-27c389c3432f}</UniqueIdentifier>
    </Filter>
    <Filter Include="02. GameObject\01. Stage\05. Cube\01. CubeTrigger">
      <UniqueIdentifier>{6d47c444-55f5-4873-b6f3-b2b12b1b1035}</UniqueIdentifier>
    </Filter>
    <Filter Include="02. GameObject\01. Stage\02. Item">
      <UniqueIdentifier>{d0be1c89-cbb5-4efa-9e0c-f85e9c85026a}</UniqueIdentifier>
    </Filter>
    <Filter Include="02. GameObject\03. UI">
      <UniqueIdentifier>{1c8840b6-6cdc-4119-837e-ed3c510cef0c}</UniqueIdentifier>
    </Filter>
    <Filter Include="02. GameObject\03. UI\00. UIplayerhp">
      <UniqueIdentifier>{d4d193c4-14ad-46c1-a39b-35c1c2f3c87a}</UniqueIdentifier>
    </Filter>
    <Filter Include="02. GameObject\03. UI\01. UIemptyslot">
      <UniqueIdentifier>{96dc402b-e48a-4825-94ba-ee28166b8e69}</UniqueIdentifier>
    </Filter>
    <Filter Include="02. GameObject\03. UI\02. UIitem">
      <UniqueIdentifier>{7a317ac9-ac1d-42c4-977f-4c74b225bb6f}</UniqueIdentifier>
    </Filter>
    <Filter Include="02. GameObject\03. UI\03. UItooltip">
      <UniqueIdentifier>{ddc9164e-7713-45f6-8c0c-a47d4efd9cfe}</UniqueIdentifier>
    </Filter>
    <Filter Include="02. GameObject\03. UI\04. UIbutton">
      <UniqueIdentifier>{20cb5742-3f30-4c17-861d-368d7e1974b1}</UniqueIdentifier>
    </Filter>
    <Filter Include="02. GameObject\03. UI\05. UIplayerstat">
      <UniqueIdentifier>{ac4a79b5-2d78-423a-bfa4-dce9e6b02c50}</UniqueIdentifier>
    </Filter>
    <Filter Include="02. GameObject\03. UI\06. UIbigmap">
      <UniqueIdentifier>{20b9ebe0-be21-4567-8ac2-88d6f781d916}</UniqueIdentifier>
    </Filter>
    <Filter Include="02. GameObject\03. UI\07. UIaimpoint">
      <UniqueIdentifier>{0ff7b4e5-fe7b-4507-89a4-c65c67225eb3}</UniqueIdentifier>
    </Filter>
    <Filter Include="02. GameObject\04. Public">
      <UniqueIdentifier>{2fcd0e5e-a0a7-48c6-a837-e4bf6372d6c4}</UniqueIdentifier>
    </Filter>
    <Filter Include="02. GameObject\04. Public\00. DynamicCamera">
      <UniqueIdentifier>{80783a13-8054-457e-985d-d4596f67ba30}</UniqueIdentifier>
    </Filter>
    <Filter Include="02. GameObject\04. Public\02. Loading">
      <UniqueIdentifier>{d61b0e5a-288d-420d-be59-f8a8961db575}</UniqueIdentifier>
    </Filter>
    <Filter Include="02. GameObject\02. Editor">
      <UniqueIdentifier>{3091335d-8f23-43b4-91d2-ead91ccdf21e}</UniqueIdentifier>
    </Filter>
    <Filter Include="02. GameObject\02. Editor\00. FlyingCamera">
      <UniqueIdentifier>{0887a221-c47d-4625-8b7a-1998f76a7117}</UniqueIdentifier>
    </Filter>
    <Filter Include="02. GameObject\02. Editor\01. OrthoCamera">
      <UniqueIdentifier>{4238634d-1794-4869-b346-f8041c122087}</UniqueIdentifier>
    </Filter>
    <Filter Include="02. GameObject\02. Editor\02. CameraManager">
      <UniqueIdentifier>{a57827f0-bee6-4f0f-893f-b9133a2e166f}</UniqueIdentifier>
    </Filter>
    <Filter Include="02. GameObject\01. Stage\05. Monster">
      <UniqueIdentifier>{9ea8835b-1b56-43a4-96a5-d11aab6e9ea4}</UniqueIdentifier>
    </Filter>
    <Filter Include="01. Scene\02. Editor">
      <UniqueIdentifier>{b7993b52-caa6-4ac3-a2ea-dab6a5593137}</UniqueIdentifier>
    </Filter>
    <Filter Include="01. Scene\02. Editor\00. EditorScene">
      <UniqueIdentifier>{b79422a6-6726-42de-9267-f32274833488}</UniqueIdentifier>
    </Filter>
    <Filter Include="01. Scene\02. Editor\01. ImGui">
      <UniqueIdentifier>{436bae73-4bbd-44d5-989e-c4df2b38c256}</UniqueIdentifier>
    </Filter>
    <Filter Include="01. Scene\02. Editor\01. ImGui\00. ImGuiManager">
      <UniqueIdentifier>{e5f55ed4-d054-4679-9c96-f0b615aa3cf3}</UniqueIdentifier>
    </Filter>
    <Filter Include="01. Scene\02. Editor\01. ImGui\01. ImGui">
      <UniqueIdentifier>{8cedaef1-43e7-43f7-8137-0fdbb415cd01}</UniqueIdentifier>
    </Filter>
    <Filter Include="02. GameObject\01. Stage\01. Player\State">
      <UniqueIdentifier>{7820fb07-579b-4f3f-b58b-d7ac77201cbf}</UniqueIdentifier>
    </Filter>
    <Filter Include="02. GameObject\01. Stage\01. Player\State\Walk">
      <UniqueIdentifier>{8bc6e9c6-7b74-46f1-ab5d-ed7d397a169b}</UniqueIdentifier>
    </Filter>
    <Filter Include="02. GameObject\01. Stage\01. Player\State\IDLE">
      <UniqueIdentifier>{3b6beb3f-a330-40e0-aa6f-96940c1b3c19}</UniqueIdentifier>
    </Filter>
    <Filter Include="02. GameObject\01. Stage\05. Monster\00. State">
      <UniqueIdentifier>{dc9f4751-3ec3-4b51-b93a-353e4502e78b}</UniqueIdentifier>
    </Filter>
    <Filter Include="02. GameObject\01. Stage\05. Monster\00. State\Public">
      <UniqueIdentifier>{68980873-c711-496d-923a-3ff3c7a3abc0}</UniqueIdentifier>
    </Filter>
    <Filter Include="02. GameObject\01. Stage\05. Monster\01. Warrior">
      <UniqueIdentifier>{5a625de7-bd85-476d-8f6d-78b59ee3f2df}</UniqueIdentifier>
    </Filter>
    <Filter Include="02. GameObject\01. Stage\05. Monster\02. Spider">
      <UniqueIdentifier>{be0e1c81-5b67-4c18-ad20-7c0cac6a4404}</UniqueIdentifier>
    </Filter>
    <Filter Include="02. GameObject\01. Stage\05. Monster\03. Bat">
      <UniqueIdentifier>{d885c0ed-d1e2-4d56-9f48-149c64ebf6da}</UniqueIdentifier>
    </Filter>
    <Filter Include="02. GameObject\03. UI\01. UIitem">
      <UniqueIdentifier>{7a317ac9-ac1d-42c4-977f-4c74b225bb6f}</UniqueIdentifier>
    </Filter>
    <Filter Include="02. GameObject\03. UI\02. UItooltip">
      <UniqueIdentifier>{ddc9164e-7713-45f6-8c0c-a47d4efd9cfe}</UniqueIdentifier>
    </Filter>
    <Filter Include="02. GameObject\03. UI\03. UIbutton">
      <UniqueIdentifier>{20cb5742-3f30-4c17-861d-368d7e1974b1}</UniqueIdentifier>
    </Filter>
    <Filter Include="02. GameObject\03. UI\04. UIplayerstat">
      <UniqueIdentifier>{ac4a79b5-2d78-423a-bfa4-dce9e6b02c50}</UniqueIdentifier>
    </Filter>
    <Filter Include="02. GameObject\03. UI\05. UIbigmap">
      <UniqueIdentifier>{20b9ebe0-be21-4567-8ac2-88d6f781d916}</UniqueIdentifier>
    </Filter>
    <Filter Include="02. GameObject\03. UI\06. UIaimpoint">
      <UniqueIdentifier>{0ff7b4e5-fe7b-4507-89a4-c65c67225eb3}</UniqueIdentifier>
    </Filter>
    <Filter Include="02. GameObject\03. UI\07. UIbasicslot">
      <UniqueIdentifier>{d0161d78-dfe6-4c98-8e64-bb10c27053ab}</UniqueIdentifier>
    </Filter>
    <Filter Include="02. GameObject\03. UI\09. UIemptyslot">
      <UniqueIdentifier>{96dc402b-e48a-4825-94ba-ee28166b8e69}</UniqueIdentifier>
    </Filter>
    <Filter Include="02. GameObject\03. UI\08. UIequipmentslot">
      <UniqueIdentifier>{fb348fe3-ab31-416f-9fed-54a813ef5dc6}</UniqueIdentifier>
    </Filter>
    <Filter Include="02. GameObject\00. Logo\01. GameLogo">
      <UniqueIdentifier>{9b9f1903-c1ed-4819-8733-fa28dfadf380}</UniqueIdentifier>
    </Filter>
    <Filter Include="02. GameObject\00. Logo\02. PressFont">
      <UniqueIdentifier>{0ad03381-c27f-4a88-ad42-64a4d6f8dea5}</UniqueIdentifier>
    </Filter>
    <Filter Include="02. GameObject\00. Logo\03. StartButton">
      <UniqueIdentifier>{83625aea-f418-40d4-91f8-d6796ef75e84}</UniqueIdentifier>
    </Filter>
    <Filter Include="02. GameObject\00. Logo\05. ExitButton">
      <UniqueIdentifier>{b92cb7d3-c58a-424f-9166-04aa2c7b4507}</UniqueIdentifier>
    </Filter>
    <Filter Include="02. GameObject\00. Logo\04. SelectFont">
      <UniqueIdentifier>{0e023df0-f121-4603-83a8-79a47f0ae611}</UniqueIdentifier>
    </Filter>
    <Filter Include="01. Scene\03. StageLoading">
      <UniqueIdentifier>{6ee56591-e234-4fd7-b31e-fe0546100a4a}</UniqueIdentifier>
    </Filter>
    <Filter Include="01. Scene\04. EditLoading">
      <UniqueIdentifier>{611469f7-b6ab-4dff-866d-52b1b7827001}</UniqueIdentifier>
    </Filter>
    <Filter Include="02. GameObject\05. Loading">
      <UniqueIdentifier>{7469777e-48bb-483c-9b92-309a885f84dc}</UniqueIdentifier>
    </Filter>
    <Filter Include="02. GameObject\05. Loading\02. LoadingPont">
      <UniqueIdentifier>{dcbc9383-0054-4bb2-b71e-b49bf67c60c6}</UniqueIdentifier>
    </Filter>
    <Filter Include="02. GameObject\05. Loading\01. ProgressBar">
      <UniqueIdentifier>{96c41905-152b-4bdc-9542-03196a5f6726}</UniqueIdentifier>
    </Filter>
    <Filter Include="02. GameObject\05. Loading\00. LoadingBackGround">
      <UniqueIdentifier>{e0e35da6-0cd4-4912-81ea-411551a337ab}</UniqueIdentifier>
    </Filter>
    <Filter Include="02. GameObject\00. Logo\04. EditButton">
      <UniqueIdentifier>{30a47425-5118-40c7-ad26-8c4d6887da5a}</UniqueIdentifier>
    </Filter>
    <Filter Include="02. GameObject\04. Public\03. BlackInOut">
      <UniqueIdentifier>{f66ece78-1f1e-4188-8138-327cfbd3ac37}</UniqueIdentifier>
    </Filter>
    <Filter Include="02. GameObject\04. Public\03. BlackInOut\00. BlackIn">
      <UniqueIdentifier>{316901d4-e2e0-4527-b241-aed61de7653f}</UniqueIdentifier>
    </Filter>
    <Filter Include="02. GameObject\03. UI\10. UIEscBackground">
      <UniqueIdentifier>{44508158-3d60-4c48-b9b4-a8f28870732f}</UniqueIdentifier>
    </Filter>
    <Filter Include="02. GameObject\03. UI\11. UIResumeButton">
      <UniqueIdentifier>{e1f76c0e-b57f-4ffb-80a2-54e9aa1efee4}</UniqueIdentifier>
    </Filter>
    <Filter Include="02. GameObject\03. UI\12. UIOptionsButton">
      <UniqueIdentifier>{15bbdbc5-1d9d-4c91-8977-7ffdfac27980}</UniqueIdentifier>
    </Filter>
    <Filter Include="02. GameObject\03. UI\13. UIQuitButton">
      <UniqueIdentifier>{202f3843-ef81-4954-913a-1c7bcd94ac2a}</UniqueIdentifier>
    </Filter>
    <Filter Include="02. GameObject\04. Public\03. BlackInOut\01. BlackOutIn">
      <UniqueIdentifier>{8aecc903-0a89-40f2-b46c-6be5b793da0c}</UniqueIdentifier>
    </Filter>
    <Filter Include="02. GameObject\01. Stage\01. Player\State\Attack">
      <UniqueIdentifier>{df9f116d-ae01-44ed-bf22-f15a5f1145ee}</UniqueIdentifier>
    </Filter>
    <Filter Include="99. Etc">
      <UniqueIdentifier>{2ad4fe67-d505-4a9a-94a4-e1f6784bdc9e}</UniqueIdentifier>
    </Filter>
    <Filter Include="99. Etc\리소스 파일">
      <UniqueIdentifier>{67DA6AB6-F800-4c08-8B7A-83BB121AAD01}</UniqueIdentifier>
      <Extensions>rc;ico;cur;bmp;dlg;rc2;rct;bin;rgs;gif;jpg;jpeg;jpe;resx;tiff;tif;png;wav;mfcribbon-ms</Extensions>
    </Filter>
    <Filter Include="99. Etc\소스 파일">
      <UniqueIdentifier>{4FC737F1-C7A5-4376-A066-2A32D752A2FF}</UniqueIdentifier>
      <Extensions>cpp;c;cc;cxx;def;odl;idl;hpj;bat;asm;asmx</Extensions>
    </Filter>
    <Filter Include="99. Etc\헤더 파일">
      <UniqueIdentifier>{93995380-89BD-4b04-88EB-625FBE52EBFB}</UniqueIdentifier>
      <Extensions>h;hh;hpp;hxx;hm;inl;inc;xsd</Extensions>
    </Filter>
    <Filter Include="02. GameObject\01. Stage\05. Monster\03. Bat\State">
      <UniqueIdentifier>{2d828844-98e7-4012-afdf-7e967db5451e}</UniqueIdentifier>
    </Filter>
    <Filter Include="02. GameObject\01. Stage\05. Monster\01. Warrior\State">
      <UniqueIdentifier>{3a5aaca9-f4da-4185-8bae-a97280026eed}</UniqueIdentifier>
    </Filter>
    <Filter Include="02. GameObject\01. Stage\05. Monster\04. Wizard">
      <UniqueIdentifier>{b3ca8b4d-2357-4583-a252-a037bc824699}</UniqueIdentifier>
    </Filter>
    <Filter Include="02. GameObject\01. Stage\05. Monster\04. Wizard\State">
      <UniqueIdentifier>{65696783-0c8b-461f-ac40-3c801685ad3c}</UniqueIdentifier>
    </Filter>
    <Filter Include="02. GameObject\01. Stage\05. Monster\04. Wizard\Bullet">
      <UniqueIdentifier>{43ad7bca-a0b6-4159-b6e3-d04bc4088da8}</UniqueIdentifier>
    </Filter>
    <Filter Include="02. GameObject\04. Public\03. BlackInOut\02. BlackOut">
      <UniqueIdentifier>{07047b40-0c13-465a-adfd-0fbbb45d196f}</UniqueIdentifier>
    </Filter>
    <Filter Include="02. GameObject\01. Stage\05. Monster\05. Alien">
      <UniqueIdentifier>{55b31d7d-5ce7-4e07-a7cd-7ea2b1c55e64}</UniqueIdentifier>
    </Filter>
    <Filter Include="02. GameObject\01. Stage\05. Monster\06. Slime">
      <UniqueIdentifier>{b5068faf-a7c8-4a71-860a-e33b2fd4b593}</UniqueIdentifier>
    </Filter>
    <Filter Include="02. GameObject\01. Stage\05. Monster\06. Slime\State">
      <UniqueIdentifier>{4ae99565-1c0d-409b-bcd3-d2bffdf744b7}</UniqueIdentifier>
    </Filter>
    <Filter Include="02. GameObject\01. Stage\05. Monster\07. Skeleton">
      <UniqueIdentifier>{f88ecb10-b769-4813-8c38-f0d9b10dd4a9}</UniqueIdentifier>
    </Filter>
    <Filter Include="02. GameObject\01. Stage\05. Monster\07. Skeleton\State">
      <UniqueIdentifier>{961b0bad-4949-4d9b-8436-5c55d5f530af}</UniqueIdentifier>
    </Filter>
    <Filter Include="02. GameObject\01. Stage\02. Item\Bow">
      <UniqueIdentifier>{9d0eb722-7555-4dd5-9993-6fdea81bab1e}</UniqueIdentifier>
    </Filter>
    <Filter Include="02. GameObject\01. Stage\02. Item\Bow\Arrow">
      <UniqueIdentifier>{8432909b-dd43-49bd-ab0e-024e20043a9e}</UniqueIdentifier>
    </Filter>
    <Filter Include="02. GameObject\01. Stage\999. Boss">
      <UniqueIdentifier>{f24be3b9-a5ed-492a-94e9-af87a48ef78f}</UniqueIdentifier>
    </Filter>
    <Filter Include="02. GameObject\01. Stage\999. Boss\01. AttackEff">
      <UniqueIdentifier>{99cf9cc8-b27e-4559-9dcb-bd7ddc1f47bf}</UniqueIdentifier>
    </Filter>
    <Filter Include="02. GameObject\01. Stage\999. Boss\01. AttackEff\03. Create_Clone">
      <UniqueIdentifier>{e2a9a116-4cef-426f-829f-89193673a8c9}</UniqueIdentifier>
    </Filter>
    <Filter Include="02. GameObject\01. Stage\999. Boss\01. AttackEff\02. AttackExplosion">
      <UniqueIdentifier>{12cb63e2-f50d-48f9-8257-820afb183501}</UniqueIdentifier>
    </Filter>
    <Filter Include="02. GameObject\01. Stage\999. Boss\01. AttackEff\04. Meteor_Cube">
      <UniqueIdentifier>{9cc17226-7f03-4ebe-96ab-073be3de132d}</UniqueIdentifier>
    </Filter>
    <Filter Include="02. GameObject\01. Stage\999. Boss\01. AttackEff\05. BatSwarm">
      <UniqueIdentifier>{841fe700-4199-4cd2-9e5a-036618d2fa75}</UniqueIdentifier>
    </Filter>
    <Filter Include="02. GameObject\01. Stage\999. Boss\02. State">
      <UniqueIdentifier>{5a56e570-5506-419d-b227-a146e31caa4b}</UniqueIdentifier>
    </Filter>
    <Filter Include="02. GameObject\01. Stage\999. Boss\02. State\00. Sleep">
      <UniqueIdentifier>{2599fe38-49be-4011-903d-0a3f3210e834}</UniqueIdentifier>
    </Filter>
    <Filter Include="02. GameObject\01. Stage\999. Boss\02. State\01. Wake_UP">
      <UniqueIdentifier>{03bcfea5-8d27-43c5-87e2-8dc7acec27cc}</UniqueIdentifier>
    </Filter>
    <Filter Include="02. GameObject\01. Stage\999. Boss\02. State\02. Idle">
      <UniqueIdentifier>{bf112cb5-3d81-4227-986b-433766d83e3e}</UniqueIdentifier>
    </Filter>
    <Filter Include="02. GameObject\01. Stage\999. Boss\02. State\03. Attack">
      <UniqueIdentifier>{bd60ed6e-ea53-4a9f-bddc-a16c110bc250}</UniqueIdentifier>
    </Filter>
    <Filter Include="02. GameObject\01. Stage\999. Boss\02. State\03. Attack\02. Explosion">
      <UniqueIdentifier>{14114754-610a-46de-a096-eee33cce56fd}</UniqueIdentifier>
    </Filter>
    <Filter Include="02. GameObject\01. Stage\999. Boss\02. State\03. Attack\03. Teleport">
      <UniqueIdentifier>{34aac172-d6cf-411e-9cbc-049540eac1c3}</UniqueIdentifier>
    </Filter>
    <Filter Include="02. GameObject\01. Stage\999. Boss\02. State\03. Attack\01. FirePattern">
      <UniqueIdentifier>{e7557b2f-1d73-49fd-b25f-46a6c91590af}</UniqueIdentifier>
    </Filter>
    <Filter Include="02. GameObject\01. Stage\999. Boss\02. State\03. Attack\05. Meteor">
      <UniqueIdentifier>{76c4fe6c-6d11-42fc-80bc-a8d96d5f6311}</UniqueIdentifier>
    </Filter>
    <Filter Include="02. GameObject\01. Stage\999. Boss\02. State\03. Attack\05. Meteor\01.Ready">
      <UniqueIdentifier>{c2a452f3-098f-4526-b278-2981ad8f3f13}</UniqueIdentifier>
    </Filter>
    <Filter Include="02. GameObject\01. Stage\999. Boss\02. State\03. Attack\05. Meteor\02. On">
      <UniqueIdentifier>{a357296c-e4d8-48f2-9f08-32f0e025c632}</UniqueIdentifier>
    </Filter>
    <Filter Include="02. GameObject\01. Stage\999. Boss\02. State\04. Crawl">
      <UniqueIdentifier>{0b787a29-2aee-4883-912d-de521aeadd8b}</UniqueIdentifier>
    </Filter>
    <Filter Include="02. GameObject\01. Stage\999. Boss\02. State\06. Dying">
      <UniqueIdentifier>{8e20badf-9b26-46f5-accd-99c6ad02fd06}</UniqueIdentifier>
    </Filter>
    <Filter Include="02. GameObject\01. Stage\999. Boss\02. State\07. Dead">
      <UniqueIdentifier>{6ed5a231-5c6d-4404-a0d2-d7efee6bc5b6}</UniqueIdentifier>
    </Filter>
    <Filter Include="02. GameObject\01. Stage\999. Boss\02. State\05. Sturn">
      <UniqueIdentifier>{aa9888d6-2a50-4491-8971-a4ba4670c3d0}</UniqueIdentifier>
    </Filter>
    <Filter Include="02. GameObject\01. Stage\999. Boss\01. AttackEff\01. AttackFire">
      <UniqueIdentifier>{f2593457-0c06-4ef6-bb75-864a1e7f7a21}</UniqueIdentifier>
    </Filter>
    <Filter Include="02. GameObject\01. Stage\06. Environment_Object">
      <UniqueIdentifier>{a379a509-25e7-4158-844f-c136a6fe3fd5}</UniqueIdentifier>
    </Filter>
    <Filter Include="02. GameObject\01. Stage\06. Environment_Object\00. Grass">
      <UniqueIdentifier>{45c42622-cea5-421f-be87-f1eabb44a415}</UniqueIdentifier>
    </Filter>
    <Filter Include="02. GameObject\01. Stage\06. Environment_Object\01. Stone">
      <UniqueIdentifier>{1f169645-b190-4273-8d26-3023198cca8d}</UniqueIdentifier>
    </Filter>
    <Filter Include="02. GameObject\01. Stage\06. Environment_Object\02. Fire">
      <UniqueIdentifier>{ad1dccb8-fc22-421f-92ff-a20b57b3f7a4}</UniqueIdentifier>
    </Filter>
    <Filter Include="02. GameObject\01. Stage\06. Environment_Object\03. Box">
      <UniqueIdentifier>{a699dc28-2b64-44eb-b93e-ecb76894b31a}</UniqueIdentifier>
    </Filter>
    <Filter Include="02. GameObject\01. Stage\06. Environment_Object\02. Fire\01. CampFire">
      <UniqueIdentifier>{9e4b6c05-c321-4b6d-a912-217072f0de19}</UniqueIdentifier>
    </Filter>
    <Filter Include="02. GameObject\01. Stage\06. Environment_Object\02. Fire\02. Torch">
      <UniqueIdentifier>{38b85ae2-1acd-44cc-9013-3127b1482a7d}</UniqueIdentifier>
    </Filter>
    <Filter Include="02. GameObject\01. Stage\06. Environment_Object\04. Pot">
      <UniqueIdentifier>{2d214bb8-b2d6-48a5-9b91-f46f87d484c0}</UniqueIdentifier>
    </Filter>
    <Filter Include="02. GameObject\01. Stage\06. Environment_Object\02. Fire\01. CampFire\01.FireEff">
      <UniqueIdentifier>{74b03eb8-2247-48b0-ab02-020ae7813cd5}</UniqueIdentifier>
    </Filter>
    <Filter Include="02. GameObject\01. Stage\06. Environment_Object\00. Grass\02. Reed_mace">
      <UniqueIdentifier>{afd891b2-d94c-45af-b5c2-960aa56721c7}</UniqueIdentifier>
    </Filter>
    <Filter Include="02. GameObject\01. Stage\06. Environment_Object\00. Grass\01. Grass">
      <UniqueIdentifier>{080d2f95-7d53-4225-ba42-ec8fc45f071c}</UniqueIdentifier>
    </Filter>
    <Filter Include="02. GameObject\01. Stage\06. Environment_Object\01. Stone\01. Cobble">
      <UniqueIdentifier>{4f25a6dd-c25b-4613-a060-89d30881ba68}</UniqueIdentifier>
    </Filter>
    <Filter Include="02. GameObject\01. Stage\06. Environment_Object\01. Stone\02. Cristal">
      <UniqueIdentifier>{6f349a34-7f0e-450e-a77c-e14e4c573249}</UniqueIdentifier>
    </Filter>
    <Filter Include="02. GameObject\01. Stage\05. Monster\00. State\Public\Move">
      <UniqueIdentifier>{fe309998-c385-4ca8-8ffb-070df66fe65c}</UniqueIdentifier>
    </Filter>
    <Filter Include="02. GameObject\01. Stage\02. Item\Wands">
      <UniqueIdentifier>{fde1bedd-59b4-439d-9d7a-ed25a65b4744}</UniqueIdentifier>
    </Filter>
    <Filter Include="02. GameObject\01. Stage\02. Item\Wands\FireBall">
      <UniqueIdentifier>{57c21c47-1026-4302-83d6-6de16b12107b}</UniqueIdentifier>
    </Filter>
  </ItemGroup>
  <ItemGroup>
    <ClInclude Include="stdafx.h">
      <Filter>99. Etc\헤더 파일</Filter>
    </ClInclude>
    <ClInclude Include="targetver.h">
      <Filter>99. Etc\헤더 파일</Filter>
    </ClInclude>
    <ClInclude Include="Client.h">
      <Filter>99. Etc\헤더 파일</Filter>
    </ClInclude>
    <ClInclude Include="..\Header\MainApp.h">
      <Filter>00. MainApp</Filter>
    </ClInclude>
    <ClInclude Include="..\Header\Logo.h">
      <Filter>01. Scene\00. Logo</Filter>
    </ClInclude>
    <ClInclude Include="..\Header\BackGround.h">
      <Filter>02. GameObject\00. Logo\00. BackGround</Filter>
    </ClInclude>
    <ClInclude Include="..\Header\Player.h">
      <Filter>02. GameObject\01. Stage\01. Player</Filter>
    </ClInclude>
    <ClInclude Include="..\Header\Stage.h">
      <Filter>01. Scene\01. Stage</Filter>
    </ClInclude>
    <ClInclude Include="..\Header\Terrain.h">
      <Filter>02. GameObject\01. Stage\03. Terrain</Filter>
    </ClInclude>
    <ClInclude Include="..\Header\DynamicCamera.h">
      <Filter>02. GameObject\04. Public\00. DynamicCamera</Filter>
    </ClInclude>
    <ClInclude Include="..\Header\Loading.h">
      <Filter>02. GameObject\04. Public\02. Loading</Filter>
    </ClInclude>
    <ClInclude Include="..\Header\SkyBox.h">
      <Filter>02. GameObject\01. Stage\04. SkyBox</Filter>
    </ClInclude>
    <ClInclude Include="..\Header\CubeBlock.h">
      <Filter>02. GameObject\01. Stage\05. Cube\00. CubeBlock</Filter>
    </ClInclude>
    <ClInclude Include="..\Header\TempItem.h">
      <Filter>02. GameObject\01. Stage\02. Item</Filter>
    </ClInclude>
    <ClInclude Include="..\Header\UIplayerhp.h">
      <Filter>02. GameObject\03. UI\00. UIplayerhp</Filter>
    </ClInclude>
    <ClInclude Include="..\Header\UIemptyslot.h">
      <Filter>02. GameObject\03. UI\09. UIemptyslot</Filter>
    </ClInclude>
    <ClInclude Include="..\Header\UIitem.h">
      <Filter>02. GameObject\03. UI\01. UIitem</Filter>
    </ClInclude>
    <ClInclude Include="..\Header\UIbutton.h">
      <Filter>02. GameObject\03. UI\03. UIbutton</Filter>
    </ClInclude>
    <ClInclude Include="..\Header\UIplayerstat.h">
      <Filter>02. GameObject\03. UI\04. UIplayerstat</Filter>
    </ClInclude>
    <ClInclude Include="..\Header\UIbigmap.h">
      <Filter>02. GameObject\03. UI\05. UIbigmap</Filter>
    </ClInclude>
    <ClInclude Include="..\Header\UIaimpoint.h">
      <Filter>02. GameObject\03. UI\06. UIaimpoint</Filter>
    </ClInclude>
    <ClInclude Include="..\Header\Editor.h">
      <Filter>01. Scene\02. Editor\00. EditorScene</Filter>
    </ClInclude>
    <ClInclude Include="..\ImGui\imconfig.h">
      <Filter>01. Scene\02. Editor\01. ImGui\01. ImGui</Filter>
    </ClInclude>
    <ClInclude Include="..\ImGui\imgui.h">
      <Filter>01. Scene\02. Editor\01. ImGui\01. ImGui</Filter>
    </ClInclude>
    <ClInclude Include="..\ImGui\imgui_impl_dx9.h">
      <Filter>01. Scene\02. Editor\01. ImGui\01. ImGui</Filter>
    </ClInclude>
    <ClInclude Include="..\ImGui\imgui_impl_win32.h">
      <Filter>01. Scene\02. Editor\01. ImGui\01. ImGui</Filter>
    </ClInclude>
    <ClInclude Include="..\ImGui\imgui_internal.h">
      <Filter>01. Scene\02. Editor\01. ImGui\01. ImGui</Filter>
    </ClInclude>
    <ClInclude Include="..\ImGui\imstb_rectpack.h">
      <Filter>01. Scene\02. Editor\01. ImGui\01. ImGui</Filter>
    </ClInclude>
    <ClInclude Include="..\ImGui\imstb_textedit.h">
      <Filter>01. Scene\02. Editor\01. ImGui\01. ImGui</Filter>
    </ClInclude>
    <ClInclude Include="..\ImGui\imstb_truetype.h">
      <Filter>01. Scene\02. Editor\01. ImGui\01. ImGui</Filter>
    </ClInclude>
    <ClInclude Include="..\Header\ImGuiManager.h">
      <Filter>01. Scene\02. Editor\01. ImGui\00. ImGuiManager</Filter>
    </ClInclude>
    <ClInclude Include="..\Header\DungeonSpider.h">
      <Filter>99. Etc\헤더 파일</Filter>
    </ClInclude>
    <ClInclude Include="..\Header\DungeonWarrior.h">
      <Filter>99. Etc\헤더 파일</Filter>
    </ClInclude>
    <ClInclude Include="..\Header\OrthoCamera.h">
      <Filter>02. GameObject\02. Editor\01. OrthoCamera</Filter>
    </ClInclude>
    <ClInclude Include="..\Header\CameraManager.h">
      <Filter>02. GameObject\02. Editor\02. CameraManager</Filter>
    </ClInclude>
    <ClInclude Include="..\Header\PlayerState_Walk.h">
      <Filter>02. GameObject\01. Stage\01. Player\State\Walk</Filter>
    </ClInclude>
    <ClInclude Include="..\Header\PlayerState_Idle.h">
      <Filter>02. GameObject\01. Stage\01. Player\State\IDLE</Filter>
    </ClInclude>
    <ClInclude Include="..\Header\Monster_Move.h">
      <Filter>02. GameObject\01. Stage\05. Monster\00. State\Public</Filter>
    </ClInclude>
    <ClInclude Include="..\Header\Monster_Jump.h">
      <Filter>02. GameObject\01. Stage\05. Monster\00. State\Public</Filter>
    </ClInclude>
    <ClInclude Include="..\Header\Bat.h">
      <Filter>02. GameObject\01. Stage\05. Monster\03. Bat</Filter>
    </ClInclude>
    <ClInclude Include="..\Header\DungeonWarrior.h">
      <Filter>02. GameObject\01. Stage\05. Monster\01. Warrior</Filter>
    </ClInclude>
    <ClInclude Include="..\Header\DungeonSpider.h">
      <Filter>02. GameObject\01. Stage\05. Monster\02. Spider</Filter>
    </ClInclude>
    <ClInclude Include="..\Header\UIbasicslot.h">
      <Filter>02. GameObject\03. UI\07. UIbasicslot</Filter>
    </ClInclude>
    <ClInclude Include="..\Header\UIequipmentslot.h">
      <Filter>02. GameObject\03. UI\08. UIequipmentslot</Filter>
    </ClInclude>
    <ClInclude Include="..\Header\BossExplosion.h">
      <Filter>02. GameObject\01. Stage\999. Boss\01. AttackEff\02. AttackExplosion</Filter>
    </ClInclude>
    <ClInclude Include="..\Header\SkeletonKing_Clone.h">
      <Filter>02. GameObject\01. Stage\999. Boss\01. AttackEff\03. Create_Clone</Filter>
    </ClInclude>
    <ClInclude Include="..\Header\DungeonSpider.h">
      <Filter>99. Etc\헤더 파일</Filter>
    </ClInclude>
    <ClInclude Include="..\Header\DungeonWarrior.h">
      <Filter>99. Etc\헤더 파일</Filter>
    </ClInclude>
    <ClInclude Include="..\Header\FlyingCamera.h">
      <Filter>02. GameObject\02. Editor\00. FlyingCamera</Filter>
    </ClInclude>
    <ClInclude Include="..\Header\DungeonSpider.h">
      <Filter>02. GameObject\01. Stage\05. Monster\02. Spider</Filter>
    </ClInclude>
    <ClInclude Include="..\Header\DungeonWarrior.h">
      <Filter>02. GameObject\01. Stage\05. Monster\01. Warrior</Filter>
    </ClInclude>
    <ClInclude Include="..\Header\Monster_Fly.h">
      <Filter>02. GameObject\01. Stage\05. Monster\00. State\Public</Filter>
    </ClInclude>
    <ClInclude Include="..\Header\Boss_Sleep.h">
      <Filter>02. GameObject\01. Stage\999. Boss\02. State\00. Sleep</Filter>
    </ClInclude>
    <ClInclude Include="..\Header\Boss_WakeUp.h">
      <Filter>02. GameObject\01. Stage\999. Boss\02. State\01. Wake_UP</Filter>
    </ClInclude>
    <ClInclude Include="..\Header\Boss_Idle.h">
      <Filter>02. GameObject\01. Stage\999. Boss\02. State\02. Idle</Filter>
    </ClInclude>
    <ClInclude Include="..\Header\Boss_Attack.h">
      <Filter>02. GameObject\01. Stage\999. Boss\02. State\03. Attack</Filter>
    </ClInclude>
    <ClInclude Include="..\Header\GameLogo.h">
      <Filter>02. GameObject\00. Logo\01. GameLogo</Filter>
    </ClInclude>
    <ClInclude Include="..\Header\PressFont.h">
      <Filter>02. GameObject\00. Logo\02. PressFont</Filter>
    </ClInclude>
    <ClInclude Include="..\Header\StartButton.h">
      <Filter>02. GameObject\00. Logo\03. StartButton</Filter>
    </ClInclude>
    <ClInclude Include="..\Header\EditButton.h">
      <Filter>02. GameObject\00. Logo\04. EditButton</Filter>
    </ClInclude>
    <ClInclude Include="..\Header\ExitButton.h">
      <Filter>02. GameObject\00. Logo\05. ExitButton</Filter>
    </ClInclude>
    <ClInclude Include="..\Header\SelectFont.h">
      <Filter>02. GameObject\00. Logo\04. SelectFont</Filter>
    </ClInclude>
    <ClInclude Include="..\Header\StageLoading.h">
      <Filter>01. Scene\03. StageLoading</Filter>
    </ClInclude>
    <ClInclude Include="..\Header\EditLoading.h">
      <Filter>01. Scene\04. EditLoading</Filter>
    </ClInclude>
    <ClInclude Include="..\Header\LoadingBackGround.h">
      <Filter>02. GameObject\05. Loading\00. LoadingBackGround</Filter>
    </ClInclude>
    <ClInclude Include="..\Header\ProgressBar.h">
      <Filter>02. GameObject\05. Loading\01. ProgressBar</Filter>
    </ClInclude>
    <ClInclude Include="..\Header\ExplosionPattern.h">
      <Filter>02. GameObject\01. Stage\999. Boss\02. State\03. Attack\02. Explosion</Filter>
    </ClInclude>
    <ClInclude Include="..\Header\TeleportPattern.h">
      <Filter>02. GameObject\01. Stage\999. Boss\02. State\03. Attack\03. Teleport</Filter>
    </ClInclude>
    <ClInclude Include="..\Header\CrawlPattern.h">
      <Filter>02. GameObject\01. Stage\999. Boss\02. State\04. Crawl</Filter>
    </ClInclude>
    <ClInclude Include="..\Header\Boss_Sturn.h">
      <Filter>02. GameObject\01. Stage\999. Boss\02. State\05. Sturn</Filter>
    </ClInclude>
    <ClInclude Include="..\Header\Boss_Dying.h">
      <Filter>02. GameObject\01. Stage\999. Boss\02. State\06. Dying</Filter>
    </ClInclude>
    <ClInclude Include="..\Header\Boss_Dead.h">
      <Filter>02. GameObject\01. Stage\999. Boss\02. State\07. Dead</Filter>
    </ClInclude>
    <ClInclude Include="..\Header\Boss_MeteorCube.h">
      <Filter>02. GameObject\01. Stage\999. Boss\01. AttackEff\04. Meteor_Cube</Filter>
    </ClInclude>
    <ClInclude Include="..\Header\SkeletonKing.h">
      <Filter>99. Etc\헤더 파일</Filter>
    </ClInclude>
    <ClInclude Include="..\Header\BlackIn.h">
      <Filter>02. GameObject\04. Public\03. BlackInOut\00. BlackIn</Filter>
    </ClInclude>
    <ClInclude Include="..\Header\BlackOutIn.h">
      <Filter>02. GameObject\04. Public\03. BlackInOut\01. BlackOutIn</Filter>
    </ClInclude>
    <ClInclude Include="..\Header\UIEscBackground.h">
      <Filter>02. GameObject\03. UI\10. UIEscBackground</Filter>
    </ClInclude>
    <ClInclude Include="..\Header\UIResumeButton.h">
      <Filter>02. GameObject\03. UI\11. UIResumeButton</Filter>
    </ClInclude>
    <ClInclude Include="..\Header\UIOptionsButton.h">
      <Filter>02. GameObject\03. UI\12. UIOptionsButton</Filter>
    </ClInclude>
    <ClInclude Include="..\Header\UIQuitButton.h">
      <Filter>02. GameObject\03. UI\13. UIQuitButton</Filter>
    </ClInclude>
    <ClInclude Include="..\Header\Player_Attack.h">
      <Filter>02. GameObject\01. Stage\01. Player\State\Attack</Filter>
    </ClInclude>
    <ClInclude Include="..\Header\Monster_Hit.h">
      <Filter>02. GameObject\01. Stage\05. Monster\00. State\Public</Filter>
    </ClInclude>
    <ClInclude Include="..\Header\Monster_Dead.h">
      <Filter>02. GameObject\01. Stage\05. Monster\00. State\Public</Filter>
    </ClInclude>
    <ClInclude Include="..\Header\Bat_Attack.h">
      <Filter>02. GameObject\01. Stage\05. Monster\03. Bat\State</Filter>
    </ClInclude>
    <ClInclude Include="..\Header\Warrior_Attack.h">
      <Filter>02. GameObject\01. Stage\05. Monster\01. Warrior\State</Filter>
    </ClInclude>
    <ClInclude Include="..\Header\Wizard.h">
      <Filter>02. GameObject\01. Stage\05. Monster\04. Wizard</Filter>
    </ClInclude>
    <ClInclude Include="..\Header\Wizard_Attack.h">
      <Filter>02. GameObject\01. Stage\05. Monster\04. Wizard\State</Filter>
    </ClInclude>
    <ClInclude Include="..\Header\Magic_Ball.h">
      <Filter>02. GameObject\01. Stage\05. Monster\04. Wizard\Bullet</Filter>
    </ClInclude>
    <ClInclude Include="..\Header\SkeletonKing.h">
      <Filter>02. GameObject\01. Stage\999.Boss</Filter>
    </ClInclude>
    <ClInclude Include="..\Header\LoadingPont.h">
      <Filter>02. GameObject\05. Loading\02. LoadingPont</Filter>
    </ClInclude>
    <ClInclude Include="..\Header\Boss_BatSwarm.h">
      <Filter>02. GameObject\01. Stage\999. Boss\01. AttackEff\05. BatSwarm</Filter>
    </ClInclude>
    <ClInclude Include="..\Header\Alien.h">
      <Filter>02. GameObject\01. Stage\05. Monster\05. Alien</Filter>
    </ClInclude>
    <ClInclude Include="..\Header\Slime.h">
      <Filter>02. GameObject\01. Stage\05. Monster\06. Slime</Filter>
    </ClInclude>
    <ClInclude Include="..\Header\SlimeMove.h">
      <Filter>02. GameObject\01. Stage\05. Monster\06. Slime\State</Filter>
    </ClInclude>
    <ClInclude Include="..\Header\SlimeAttack.h">
      <Filter>02. GameObject\01. Stage\05. Monster\06. Slime\State</Filter>
    </ClInclude>
    <ClInclude Include="Resource.h">
      <Filter>99. Etc\헤더 파일</Filter>
    </ClInclude>
    <ClInclude Include="..\Header\Skeleton.h">
      <Filter>02. GameObject\01. Stage\05. Monster\07. Skeleton</Filter>
    </ClInclude>
    <ClInclude Include="..\Header\Bow.h">
      <Filter>02. GameObject\01. Stage\02. Item\Bow</Filter>
    </ClInclude>
    <ClInclude Include="..\Header\Box_Cube.h">
      <Filter>02. GameObject\01. Stage\06. Environment_Object\03. Box</Filter>
    </ClInclude>
    <ClInclude Include="..\Header\Boss_MeteorReady.h">
      <Filter>02. GameObject\01. Stage\999. Boss\02. State\03. Attack\05. Meteor\01.Ready</Filter>
    </ClInclude>
    <ClInclude Include="..\Header\BossProjectile.h">
      <Filter>02. GameObject\01. Stage\999. Boss\01. AttackEff\01. AttackFire</Filter>
    </ClInclude>
    <ClInclude Include="..\Header\FirePattern.h">
      <Filter>02. GameObject\01. Stage\999. Boss\02. State\03. Attack\01. FirePattern</Filter>
    </ClInclude>
    <ClInclude Include="..\Header\SkeletonKing.h">
      <Filter>02. GameObject\01. Stage\999. Boss</Filter>
    </ClInclude>
    <ClInclude Include="..\Header\BossProjectile.h">
      <Filter>99. Etc\헤더 파일</Filter>
    </ClInclude>
    <ClInclude Include="..\Header\FirePattern.h">
      <Filter>99. Etc\헤더 파일</Filter>
    </ClInclude>
    <ClInclude Include="..\Header\Arrow.h">
      <Filter>02. GameObject\01. Stage\02. Item\Bow\Arrow</Filter>
    </ClInclude>
    <ClInclude Include="..\Header\Test_Move.h">
      <Filter>02. GameObject\01. Stage\05. Monster\00. State\Public\Move</Filter>
    </ClInclude>
    <ClInclude Include="..\Header\FireWands.h">
      <Filter>02. GameObject\01. Stage\02. Item\Wands</Filter>
    </ClInclude>
    <ClInclude Include="..\Header\FireBall.h">
      <Filter>02. GameObject\01. Stage\02. Item\Wands\FireBall</Filter>
    </ClInclude>
  </ItemGroup>
  <ItemGroup>
    <ClCompile Include="stdafx.cpp">
      <Filter>99. Etc\소스 파일</Filter>
    </ClCompile>
    <ClCompile Include="Client.cpp">
      <Filter>99. Etc\소스 파일</Filter>
    </ClCompile>
    <ClCompile Include="..\Code\MainApp.cpp">
      <Filter>00. MainApp</Filter>
    </ClCompile>
    <ClCompile Include="..\Code\Logo.cpp">
      <Filter>01. Scene\00. Logo</Filter>
    </ClCompile>
    <ClCompile Include="..\Code\BackGround.cpp">
      <Filter>02. GameObject\00. Logo\00. BackGround</Filter>
    </ClCompile>
    <ClCompile Include="..\Code\Player.cpp">
      <Filter>02. GameObject\01. Stage\01. Player</Filter>
    </ClCompile>
    <ClCompile Include="..\Code\Stage.cpp">
      <Filter>01. Scene\01. Stage</Filter>
    </ClCompile>
    <ClCompile Include="..\Code\Terrain.cpp">
      <Filter>02. GameObject\01. Stage\03. Terrain</Filter>
    </ClCompile>
    <ClCompile Include="..\Code\DynamicCamera.cpp">
      <Filter>02. GameObject\04. Public\00. DynamicCamera</Filter>
    </ClCompile>
    <ClCompile Include="..\Code\Loading.cpp">
      <Filter>02. GameObject\04. Public\02. Loading</Filter>
    </ClCompile>
    <ClCompile Include="..\Code\SkyBox.cpp">
      <Filter>02. GameObject\01. Stage\04. SkyBox</Filter>
    </ClCompile>
    <ClCompile Include="..\Code\CubeBlock.cpp">
      <Filter>02. GameObject\01. Stage\05. Cube\00. CubeBlock</Filter>
    </ClCompile>
    <ClCompile Include="..\Code\TempItem.cpp">
      <Filter>02. GameObject\01. Stage\02. Item</Filter>
    </ClCompile>
    <ClCompile Include="..\Code\UIplayerhp.cpp">
      <Filter>02. GameObject\03. UI\00. UIplayerhp</Filter>
    </ClCompile>
    <ClCompile Include="..\Code\UIemptyslot.cpp">
      <Filter>02. GameObject\03. UI\09. UIemptyslot</Filter>
    </ClCompile>
    <ClCompile Include="..\Code\UIitem.cpp">
      <Filter>02. GameObject\03. UI\01. UIitem</Filter>
    </ClCompile>
    <ClCompile Include="..\Code\UIbutton.cpp">
      <Filter>02. GameObject\03. UI\03. UIbutton</Filter>
    </ClCompile>
    <ClCompile Include="..\Code\UIplayerstat.cpp">
      <Filter>02. GameObject\03. UI\04. UIplayerstat</Filter>
    </ClCompile>
    <ClCompile Include="..\Code\UIbigmap.cpp">
      <Filter>02. GameObject\03. UI\05. UIbigmap</Filter>
    </ClCompile>
    <ClCompile Include="..\Code\UIaimpoint.cpp">
      <Filter>02. GameObject\03. UI\06. UIaimpoint</Filter>
    </ClCompile>
    <ClCompile Include="..\Code\Editor.cpp">
      <Filter>01. Scene\02. Editor\00. EditorScene</Filter>
    </ClCompile>
    <ClCompile Include="..\ImGui\imgui.cpp">
      <Filter>01. Scene\02. Editor\01. ImGui\01. ImGui</Filter>
    </ClCompile>
    <ClCompile Include="..\ImGui\imgui_demo.cpp">
      <Filter>01. Scene\02. Editor\01. ImGui\01. ImGui</Filter>
    </ClCompile>
    <ClCompile Include="..\ImGui\imgui_draw.cpp">
      <Filter>01. Scene\02. Editor\01. ImGui\01. ImGui</Filter>
    </ClCompile>
    <ClCompile Include="..\ImGui\imgui_impl_dx9.cpp">
      <Filter>01. Scene\02. Editor\01. ImGui\01. ImGui</Filter>
    </ClCompile>
    <ClCompile Include="..\ImGui\imgui_impl_win32.cpp">
      <Filter>01. Scene\02. Editor\01. ImGui\01. ImGui</Filter>
    </ClCompile>
    <ClCompile Include="..\ImGui\imgui_tables.cpp">
      <Filter>01. Scene\02. Editor\01. ImGui\01. ImGui</Filter>
    </ClCompile>
    <ClCompile Include="..\ImGui\imgui_widgets.cpp">
      <Filter>01. Scene\02. Editor\01. ImGui\01. ImGui</Filter>
    </ClCompile>
    <ClCompile Include="..\Code\ImGuiManager.cpp">
      <Filter>01. Scene\02. Editor\01. ImGui\00. ImGuiManager</Filter>
    </ClCompile>
    <ClCompile Include="..\Code\DungeonSpider.cpp">
      <Filter>99. Etc\소스 파일</Filter>
    </ClCompile>
    <ClCompile Include="..\Code\DungeonWarrior.cpp">
      <Filter>99. Etc\소스 파일</Filter>
    </ClCompile>
    <ClCompile Include="..\Code\FlyingCamera.cpp">
      <Filter>02. GameObject\02. Editor\00. FlyingCamera</Filter>
    </ClCompile>
    <ClCompile Include="..\Code\OrthoCamera.cpp">
      <Filter>02. GameObject\02. Editor\01. OrthoCamera</Filter>
    </ClCompile>
    <ClCompile Include="..\Code\CameraManager.cpp">
      <Filter>02. GameObject\02. Editor\02. CameraManager</Filter>
    </ClCompile>
    <ClCompile Include="..\Code\PlayerState_Walk.cpp">
      <Filter>02. GameObject\01. Stage\01. Player\State\Walk</Filter>
    </ClCompile>
    <ClCompile Include="..\Code\PlayerState_Idle.cpp">
      <Filter>02. GameObject\01. Stage\01. Player\State\IDLE</Filter>
    </ClCompile>
    <ClCompile Include="..\Code\Monster_Move.cpp">
      <Filter>02. GameObject\01. Stage\05. Monster\00. State\Public</Filter>
    </ClCompile>
    <ClCompile Include="..\Code\Monster_Jump.cpp">
      <Filter>02. GameObject\01. Stage\05. Monster\00. State\Public</Filter>
    </ClCompile>
    <ClCompile Include="..\Code\Bat.cpp">
      <Filter>02. GameObject\01. Stage\05. Monster\03. Bat</Filter>
    </ClCompile>
    <ClCompile Include="..\Code\DungeonWarrior.cpp">
      <Filter>02. GameObject\01. Stage\05. Monster\01. Warrior</Filter>
    </ClCompile>
    <ClCompile Include="..\Code\DungeonSpider.cpp">
      <Filter>02. GameObject\01. Stage\05. Monster\02. Spider</Filter>
    </ClCompile>
    <ClCompile Include="..\Code\UIbasicslot.cpp">
      <Filter>02. GameObject\03. UI\07. UIbasicslot</Filter>
    </ClCompile>
    <ClCompile Include="..\Code\UIequipmentslot.cpp">
      <Filter>02. GameObject\03. UI\08. UIequipmentslot</Filter>
    </ClCompile>
    <ClCompile Include="..\Code\BossExplosion.cpp">
      <Filter>02. GameObject\01. Stage\999. Boss\01. AttackEff\02. AttackExplosion</Filter>
    </ClCompile>
    <ClCompile Include="..\Code\SkeletonKing_Clone.cpp">
      <Filter>02. GameObject\01. Stage\999. Boss\01. AttackEff\03. Create_Clone</Filter>
    </ClCompile>
    <ClCompile Include="..\Code\DungeonSpider.cpp">
      <Filter>99. Etc\소스 파일</Filter>
    </ClCompile>
    <ClCompile Include="..\Code\DungeonWarrior.cpp">
      <Filter>99. Etc\소스 파일</Filter>
    </ClCompile>
    <ClCompile Include="..\Code\DungeonSpider.cpp">
      <Filter>02. GameObject\01. Stage\05. Monster\02. Spider</Filter>
    </ClCompile>
    <ClCompile Include="..\Code\DungeonWarrior.cpp">
      <Filter>02. GameObject\01. Stage\05. Monster\01. Warrior</Filter>
    </ClCompile>
    <ClCompile Include="..\Code\Monster_Fly.cpp">
      <Filter>02. GameObject\01. Stage\05. Monster\00. State\Public</Filter>
    </ClCompile>
    <ClCompile Include="..\Code\Boss_Sleep.cpp">
      <Filter>02. GameObject\01. Stage\999. Boss\02. State\00. Sleep</Filter>
    </ClCompile>
    <ClCompile Include="..\Code\Boss_WakeUp.cpp">
      <Filter>02. GameObject\01. Stage\999. Boss\02. State\01. Wake_UP</Filter>
    </ClCompile>
    <ClCompile Include="..\Code\Boss_Idle.cpp">
      <Filter>02. GameObject\01. Stage\999. Boss\02. State\02. Idle</Filter>
    </ClCompile>
    <ClCompile Include="..\Code\Boss_Attack.cpp">
      <Filter>02. GameObject\01. Stage\999. Boss\02. State\03. Attack</Filter>
    </ClCompile>
    <ClCompile Include="..\Code\GameLogo.cpp">
      <Filter>02. GameObject\00. Logo\01. GameLogo</Filter>
    </ClCompile>
    <ClCompile Include="..\Code\PressFont.cpp">
      <Filter>02. GameObject\00. Logo\02. PressFont</Filter>
    </ClCompile>
    <ClCompile Include="..\Code\StartButton.cpp">
      <Filter>02. GameObject\00. Logo\03. StartButton</Filter>
    </ClCompile>
    <ClCompile Include="..\Code\EditButton.cpp">
      <Filter>02. GameObject\00. Logo\04. EditButton</Filter>
    </ClCompile>
    <ClCompile Include="..\Code\ExitButton.cpp">
      <Filter>02. GameObject\00. Logo\05. ExitButton</Filter>
    </ClCompile>
    <ClCompile Include="..\Code\SelectFont.cpp">
      <Filter>02. GameObject\00. Logo\04. SelectFont</Filter>
    </ClCompile>
    <ClCompile Include="..\Code\StageLoading.cpp">
      <Filter>01. Scene\03. StageLoading</Filter>
    </ClCompile>
    <ClCompile Include="..\Code\EditLoading.cpp">
      <Filter>01. Scene\04. EditLoading</Filter>
    </ClCompile>
    <ClCompile Include="..\Code\LoadingBackGround.cpp">
      <Filter>02. GameObject\05. Loading\00. LoadingBackGround</Filter>
    </ClCompile>
    <ClCompile Include="..\Code\ProgressBar.cpp">
      <Filter>02. GameObject\05. Loading\01. ProgressBar</Filter>
    </ClCompile>
    <ClCompile Include="..\Code\ExplosionPattern.cpp">
      <Filter>02. GameObject\01. Stage\999. Boss\02. State\03. Attack\02. Explosion</Filter>
    </ClCompile>
    <ClCompile Include="..\Code\TeleportPattern.cpp">
      <Filter>02. GameObject\01. Stage\999. Boss\02. State\03. Attack\03. Teleport</Filter>
    </ClCompile>
    <ClCompile Include="..\Code\CrawlPattern.cpp">
      <Filter>02. GameObject\01. Stage\999. Boss\02. State\04. Crawl</Filter>
    </ClCompile>
    <ClCompile Include="..\Code\Boss_Sturn.cpp">
      <Filter>02. GameObject\01. Stage\999. Boss\02. State\05. Sturn</Filter>
    </ClCompile>
    <ClCompile Include="..\Code\Boss_Dying.cpp">
      <Filter>02. GameObject\01. Stage\999. Boss\02. State\06. Dying</Filter>
    </ClCompile>
    <ClCompile Include="..\Code\Boss_Dead.cpp">
      <Filter>02. GameObject\01. Stage\999. Boss\02. State\07. Dead</Filter>
    </ClCompile>
    <ClCompile Include="..\Code\Boss_MeteorCube.cpp">
      <Filter>02. GameObject\01. Stage\999. Boss\01. AttackEff\04. Meteor_Cube</Filter>
    </ClCompile>
    <ClCompile Include="..\Code\SkeletonKing.cpp">
      <Filter>99. Etc\소스 파일</Filter>
    </ClCompile>
    <ClCompile Include="..\Code\BlackIn.cpp">
      <Filter>02. GameObject\04. Public\03. BlackInOut\00. BlackIn</Filter>
    </ClCompile>
    <ClCompile Include="..\Code\BlackOutIn.cpp">
      <Filter>02. GameObject\04. Public\03. BlackInOut\01. BlackOutIn</Filter>
    </ClCompile>
    <ClCompile Include="..\Code\UIQuitButton.cpp">
      <Filter>02. GameObject\03. UI\13. UIQuitButton</Filter>
    </ClCompile>
    <ClCompile Include="..\Code\UIOptionsButton.cpp">
      <Filter>02. GameObject\03. UI\12. UIOptionsButton</Filter>
    </ClCompile>
    <ClCompile Include="..\Code\UIResumeButton.cpp">
      <Filter>02. GameObject\03. UI\11. UIResumeButton</Filter>
    </ClCompile>
    <ClCompile Include="..\Code\UIEscBackground.cpp">
      <Filter>02. GameObject\03. UI\10. UIEscBackground</Filter>
    </ClCompile>
    <ClCompile Include="..\Code\Player_Attack.cpp">
      <Filter>02. GameObject\01. Stage\01. Player\State\Attack</Filter>
    </ClCompile>
    <ClCompile Include="..\Code\Monster_Hit.cpp">
      <Filter>02. GameObject\01. Stage\05. Monster\00. State\Public</Filter>
    </ClCompile>
    <ClCompile Include="..\Code\Monster_Dead.cpp">
      <Filter>02. GameObject\01. Stage\05. Monster\00. State\Public</Filter>
    </ClCompile>
    <ClCompile Include="..\Code\Bat_Attack.cpp">
      <Filter>02. GameObject\01. Stage\05. Monster\03. Bat\State</Filter>
    </ClCompile>
    <ClCompile Include="..\Code\Warrior_Attack.cpp">
      <Filter>02. GameObject\01. Stage\05. Monster\01. Warrior\State</Filter>
    </ClCompile>
    <ClCompile Include="..\Code\Wizard.cpp">
      <Filter>02. GameObject\01. Stage\05. Monster\04. Wizard</Filter>
    </ClCompile>
    <ClCompile Include="..\Code\Wizard_Attack.cpp">
      <Filter>02. GameObject\01. Stage\05. Monster\04. Wizard\State</Filter>
    </ClCompile>
    <ClCompile Include="..\Code\Magic_Ball.cpp">
      <Filter>02. GameObject\01. Stage\05. Monster\04. Wizard\Bullet</Filter>
    </ClCompile>
    <ClCompile Include="..\Code\SkeletonKing.cpp">
      <Filter>02. GameObject\01. Stage\999.Boss</Filter>
    </ClCompile>
    <ClCompile Include="..\Code\LoadingPont.cpp">
      <Filter>02. GameObject\05. Loading\02. LoadingPont</Filter>
    </ClCompile>
    <ClCompile Include="..\Code\Boss_BatSwarm.cpp">
      <Filter>02. GameObject\01. Stage\999. Boss\01. AttackEff\05. BatSwarm</Filter>
    </ClCompile>
    <ClCompile Include="..\Code\Alien.cpp">
      <Filter>02. GameObject\01. Stage\05. Monster\05. Alien</Filter>
    </ClCompile>
    <ClCompile Include="..\Code\Slime.cpp">
      <Filter>02. GameObject\01. Stage\05. Monster\06. Slime</Filter>
    </ClCompile>
    <ClCompile Include="..\Code\SlimeMove.cpp">
      <Filter>02. GameObject\01. Stage\05. Monster\06. Slime\State</Filter>
    </ClCompile>
    <ClCompile Include="..\Code\SlimeAttack.cpp">
      <Filter>02. GameObject\01. Stage\05. Monster\06. Slime\State</Filter>
    </ClCompile>
    <ClCompile Include="..\Code\Skeleton.cpp">
      <Filter>02. GameObject\01. Stage\05. Monster\07. Skeleton</Filter>
    </ClCompile>
    <ClCompile Include="..\Code\Bow.cpp">
      <Filter>02. GameObject\01. Stage\02. Item\Bow</Filter>
    </ClCompile>
    <ClCompile Include="..\Code\Box_Cube.cpp">
      <Filter>02. GameObject\01. Stage\06. Environment_Object\03. Box</Filter>
    </ClCompile>
    <ClCompile Include="..\Code\Boss_MeteorReady.cpp">
      <Filter>02. GameObject\01. Stage\999. Boss\02. State\03. Attack\05. Meteor\01.Ready</Filter>
    </ClCompile>
    <ClCompile Include="..\Code\BossProjectile.cpp">
      <Filter>02. GameObject\01. Stage\999. Boss\01. AttackEff\01. AttackFire</Filter>
    </ClCompile>
    <ClCompile Include="..\Code\FirePattern.cpp">
      <Filter>02. GameObject\01. Stage\999. Boss\02. State\03. Attack\01. FirePattern</Filter>
    </ClCompile>
    <ClCompile Include="..\Code\SkeletonKing.cpp">
      <Filter>02. GameObject\01. Stage\999. Boss</Filter>
    </ClCompile>
    <ClCompile Include="..\Code\BossProjectile.cpp">
      <Filter>99. Etc\소스 파일</Filter>
    </ClCompile>
    <ClCompile Include="..\Code\FirePattern.cpp">
      <Filter>99. Etc\소스 파일</Filter>
    </ClCompile>
    <ClCompile Include="..\Code\Arrow.cpp">
      <Filter>02. GameObject\01. Stage\02. Item\Bow\Arrow</Filter>
    </ClCompile>
    <ClCompile Include="..\Code\Test_Move.cpp">
      <Filter>02. GameObject\01. Stage\05. Monster\00. State\Public\Move</Filter>
    </ClCompile>
    <ClCompile Include="..\Code\FireWands.cpp">
      <Filter>02. GameObject\01. Stage\02. Item\Wands</Filter>
    </ClCompile>
    <ClCompile Include="..\Code\FireBall.cpp">
      <Filter>02. GameObject\01. Stage\02. Item\Wands\FireBall</Filter>
    </ClCompile>
  </ItemGroup>
  <ItemGroup>
    <ResourceCompile Include="Client.rc">
      <Filter>99. Etc\리소스 파일</Filter>
    </ResourceCompile>
  </ItemGroup>
  <ItemGroup>
    <Image Include="small.ico">
      <Filter>99. Etc\리소스 파일</Filter>
    </Image>
    <Image Include="Client.ico">
      <Filter>99. Etc\리소스 파일</Filter>
    </Image>
  </ItemGroup>
  <ItemGroup>
    <Text Include="ReadMe.txt">
      <Filter>99. Etc\리소스 파일</Filter>
    </Text>
  </ItemGroup>
</Project>