<?xml version="1.0" encoding="utf-8"?>
<Project ToolsVersion="4.0" xmlns="http://schemas.microsoft.com/developer/msbuild/2003">
  <ItemGroup>
    <Filter Include="00. MainApp">
      <UniqueIdentifier>{54072560-0ca5-4dc0-8256-18cb96e858e8}</UniqueIdentifier>
    </Filter>
    <Filter Include="99. Etc">
      <UniqueIdentifier>{2ad4fe67-d505-4a9a-94a4-e1f6784bdc9e}</UniqueIdentifier>
    </Filter>
    <Filter Include="99. Etc\리소스 파일">
      <UniqueIdentifier>{67DA6AB6-F800-4c08-8B7A-83BB121AAD01}</UniqueIdentifier>
      <Extensions>rc;ico;cur;bmp;dlg;rc2;rct;bin;rgs;gif;jpg;jpeg;jpe;resx;tiff;tif;png;wav;mfcribbon-ms</Extensions>
    </Filter>
    <Filter Include="99. Etc\소스 파일">
      <UniqueIdentifier>{4FC737F1-C7A5-4376-A066-2A32D752A2FF}</UniqueIdentifier>
      <Extensions>cpp;c;cc;cxx;def;odl;idl;hpj;bat;asm;asmx</Extensions>
    </Filter>
    <Filter Include="99. Etc\헤더 파일">
      <UniqueIdentifier>{93995380-89BD-4b04-88EB-625FBE52EBFB}</UniqueIdentifier>
      <Extensions>h;hh;hpp;hxx;hm;inl;inc;xsd</Extensions>
    </Filter>
    <Filter Include="01. Scene">
      <UniqueIdentifier>{daf89680-9697-4e5e-bd4e-7436051cfbbf}</UniqueIdentifier>
    </Filter>
    <Filter Include="01. Scene\00. Logo">
      <UniqueIdentifier>{06dc1b76-8beb-4d64-8e1c-41231208a3d9}</UniqueIdentifier>
    </Filter>
    <Filter Include="01. Scene\01. Stage">
      <UniqueIdentifier>{4a6f84dc-73b6-43fb-80a1-6b14c92a3ca7}</UniqueIdentifier>
    </Filter>
    <Filter Include="02. GameObject">
      <UniqueIdentifier>{9c45403b-7aaa-4a2a-b325-b8d24758c2f4}</UniqueIdentifier>
    </Filter>
    <Filter Include="02. GameObject\00. Logo">
      <UniqueIdentifier>{0b23f715-4934-43c0-9d7d-6ad8b8543e24}</UniqueIdentifier>
    </Filter>
    <Filter Include="02. GameObject\01. Stage">
      <UniqueIdentifier>{dfd5b373-d4ba-4475-828c-edc19ba750d3}</UniqueIdentifier>
    </Filter>
    <Filter Include="02. GameObject\00. Logo\00. BackGround">
      <UniqueIdentifier>{82461e52-4280-4c90-94fb-6fb6e85c9d17}</UniqueIdentifier>
    </Filter>
    <Filter Include="02. GameObject\01. Stage\01. Player">
      <UniqueIdentifier>{20823db4-7296-49fd-9b7e-f63ac149528c}</UniqueIdentifier>
    </Filter>
    <Filter Include="02. GameObject\01. Stage\03. Terrain">
      <UniqueIdentifier>{5b40bb16-6bf6-4df5-8660-8d3ca952fcf7}</UniqueIdentifier>
    </Filter>
    <Filter Include="02. GameObject\01. Stage\04. SkyBox">
      <UniqueIdentifier>{2c89ba8f-9d33-4cd1-b868-932d2dbd28fe}</UniqueIdentifier>
    </Filter>
    <Filter Include="02. GameObject\01. Stage\05. Cube">
      <UniqueIdentifier>{d8cb7475-93e7-49af-be6f-f3bb2f1807d4}</UniqueIdentifier>
    </Filter>
    <Filter Include="02. GameObject\01. Stage\05. Cube\00. CubeBlock">
      <UniqueIdentifier>{80562d12-8b51-4d26-8a46-27c389c3432f}</UniqueIdentifier>
    </Filter>
    <Filter Include="02. GameObject\01. Stage\05. Cube\01. CubeTrigger">
      <UniqueIdentifier>{6d47c444-55f5-4873-b6f3-b2b12b1b1035}</UniqueIdentifier>
    </Filter>
    <Filter Include="01. Scene\02. Editor">
      <UniqueIdentifier>{b7993b52-caa6-4ac3-a2ea-dab6a5593137}</UniqueIdentifier>
    </Filter>
    <Filter Include="02. GameObject\01. Stage\02. Item">
      <UniqueIdentifier>{d0be1c89-cbb5-4efa-9e0c-f85e9c85026a}</UniqueIdentifier>
    </Filter>
    <Filter Include="02. GameObject\03. UI">
      <UniqueIdentifier>{1c8840b6-6cdc-4119-837e-ed3c510cef0c}</UniqueIdentifier>
    </Filter>
    <Filter Include="01. Scene\02. Editor\00. EditorScene">
      <UniqueIdentifier>{b79422a6-6726-42de-9267-f32274833488}</UniqueIdentifier>
    </Filter>
    <Filter Include="01. Scene\02. Editor\01. ImGui">
      <UniqueIdentifier>{436bae73-4bbd-44d5-989e-c4df2b38c256}</UniqueIdentifier>
    </Filter>
    <Filter Include="01. Scene\02. Editor\01. ImGui\00. ImGuiManager">
      <UniqueIdentifier>{e5f55ed4-d054-4679-9c96-f0b615aa3cf3}</UniqueIdentifier>
    </Filter>
    <Filter Include="01. Scene\02. Editor\01. ImGui\01. ImGui">
      <UniqueIdentifier>{8cedaef1-43e7-43f7-8137-0fdbb415cd01}</UniqueIdentifier>
    </Filter>
    <Filter Include="02. GameObject\03. UI\00. UIplayerhp">
      <UniqueIdentifier>{d4d193c4-14ad-46c1-a39b-35c1c2f3c87a}</UniqueIdentifier>
    </Filter>
    <Filter Include="02. GameObject\03. UI\01. UIemptyslot">
      <UniqueIdentifier>{96dc402b-e48a-4825-94ba-ee28166b8e69}</UniqueIdentifier>
    </Filter>
    <Filter Include="02. GameObject\03. UI\02. UIitem">
      <UniqueIdentifier>{7a317ac9-ac1d-42c4-977f-4c74b225bb6f}</UniqueIdentifier>
    </Filter>
    <Filter Include="02. GameObject\03. UI\03. UItooltip">
      <UniqueIdentifier>{ddc9164e-7713-45f6-8c0c-a47d4efd9cfe}</UniqueIdentifier>
    </Filter>
    <Filter Include="02. GameObject\03. UI\04. UIbutton">
      <UniqueIdentifier>{20cb5742-3f30-4c17-861d-368d7e1974b1}</UniqueIdentifier>
    </Filter>
    <Filter Include="02. GameObject\03. UI\05. UIplayerstat">
      <UniqueIdentifier>{ac4a79b5-2d78-423a-bfa4-dce9e6b02c50}</UniqueIdentifier>
    </Filter>
    <Filter Include="02. GameObject\03. UI\06. UIbigmap">
      <UniqueIdentifier>{20b9ebe0-be21-4567-8ac2-88d6f781d916}</UniqueIdentifier>
    </Filter>
    <Filter Include="02. GameObject\03. UI\07. UIaimpoint">
      <UniqueIdentifier>{0ff7b4e5-fe7b-4507-89a4-c65c67225eb3}</UniqueIdentifier>
    </Filter>
    <Filter Include="02. GameObject\04. Public">
      <UniqueIdentifier>{2fcd0e5e-a0a7-48c6-a837-e4bf6372d6c4}</UniqueIdentifier>
    </Filter>
    <Filter Include="02. GameObject\04. Public\00. DynamicCamera">
      <UniqueIdentifier>{80783a13-8054-457e-985d-d4596f67ba30}</UniqueIdentifier>
    </Filter>
    <Filter Include="02. GameObject\04. Public\02. Loading">
      <UniqueIdentifier>{d61b0e5a-288d-420d-be59-f8a8961db575}</UniqueIdentifier>
    </Filter>
    <Filter Include="02. GameObject\02. Editor">
      <UniqueIdentifier>{3091335d-8f23-43b4-91d2-ead91ccdf21e}</UniqueIdentifier>
    </Filter>
    <Filter Include="02. GameObject\02. Editor\00. FlyingCamera">
      <UniqueIdentifier>{0887a221-c47d-4625-8b7a-1998f76a7117}</UniqueIdentifier>
    </Filter>
    <Filter Include="02. GameObject\02. Editor\01. OrthoCamera">
      <UniqueIdentifier>{4238634d-1794-4869-b346-f8041c122087}</UniqueIdentifier>
    </Filter>
    <Filter Include="02. GameObject\02. Editor\02. CameraManager">
      <UniqueIdentifier>{a57827f0-bee6-4f0f-893f-b9133a2e166f}</UniqueIdentifier>
    </Filter>
    <Filter Include="02. GameObject\01. Stage\05. Monster">
      <UniqueIdentifier>{9ea8835b-1b56-43a4-96a5-d11aab6e9ea4}</UniqueIdentifier>
    </Filter>
    <Filter Include="02. GameObject\01. Stage\999. Boss">
      <UniqueIdentifier>{f24be3b9-a5ed-492a-94e9-af87a48ef78f}</UniqueIdentifier>
    </Filter>
    <Filter Include="02. GameObject\01. Stage\999. Boss\01.AttackCube">
      <UniqueIdentifier>{f2593457-0c06-4ef6-bb75-864a1e7f7a21}</UniqueIdentifier>
    </Filter>
    <Filter Include="02. GameObject\01. Stage\05. Monster\00. DungeonSpider">
      <UniqueIdentifier>{1358bc5a-4ba3-4b88-8ade-16daea79b980}</UniqueIdentifier>
    </Filter>
    <Filter Include="02. GameObject\01. Stage\05. Monster\01. DungeonWarrior">
      <UniqueIdentifier>{fa3d37f2-aed7-4e66-acab-7b8b81c21aca}</UniqueIdentifier>
    </Filter>
  </ItemGroup>
  <ItemGroup>
    <ClInclude Include="stdafx.h">
      <Filter>99. Etc\헤더 파일</Filter>
    </ClInclude>
    <ClInclude Include="targetver.h">
      <Filter>99. Etc\헤더 파일</Filter>
    </ClInclude>
    <ClInclude Include="Resource.h">
      <Filter>99. Etc\헤더 파일</Filter>
    </ClInclude>
    <ClInclude Include="Client.h">
      <Filter>99. Etc\헤더 파일</Filter>
    </ClInclude>
    <ClInclude Include="..\Header\MainApp.h">
      <Filter>00. MainApp</Filter>
    </ClInclude>
    <ClInclude Include="..\Header\Logo.h">
      <Filter>01. Scene\00. Logo</Filter>
    </ClInclude>
    <ClInclude Include="..\Header\BackGround.h">
      <Filter>02. GameObject\00. Logo\00. BackGround</Filter>
    </ClInclude>
    <ClInclude Include="..\Header\Player.h">
      <Filter>02. GameObject\01. Stage\01. Player</Filter>
    </ClInclude>
    <ClInclude Include="..\Header\Stage.h">
      <Filter>01. Scene\01. Stage</Filter>
    </ClInclude>
    <ClInclude Include="..\Header\Terrain.h">
      <Filter>02. GameObject\01. Stage\03. Terrain</Filter>
    </ClInclude>
    <ClInclude Include="..\Header\DynamicCamera.h">
      <Filter>02. GameObject\04. Public\00. DynamicCamera</Filter>
    </ClInclude>
    <ClInclude Include="..\Header\Loading.h">
      <Filter>02. GameObject\04. Public\02. Loading</Filter>
    </ClInclude>
    <ClInclude Include="..\Header\SkyBox.h">
      <Filter>02. GameObject\01. Stage\04. SkyBox</Filter>
    </ClInclude>
    <ClInclude Include="..\Header\CubeBlock.h">
      <Filter>02. GameObject\01. Stage\05. Cube\00. CubeBlock</Filter>
    </ClInclude>
    <ClInclude Include="..\Header\TempItem.h">
      <Filter>02. GameObject\01. Stage\02. Item</Filter>
    </ClInclude>
    <ClInclude Include="..\Header\UIplayerhp.h">
      <Filter>02. GameObject\03. UI\00. UIplayerhp</Filter>
    </ClInclude>
    <ClInclude Include="..\Header\UIemptyslot.h">
      <Filter>02. GameObject\03. UI\01. UIemptyslot</Filter>
    </ClInclude>
    <ClInclude Include="..\Header\UIitem.h">
      <Filter>02. GameObject\03. UI\02. UIitem</Filter>
    </ClInclude>
    <ClInclude Include="..\Header\UItooltip.h">
      <Filter>02. GameObject\03. UI\03. UItooltip</Filter>
    </ClInclude>
    <ClInclude Include="..\Header\UIbutton.h">
      <Filter>02. GameObject\03. UI\04. UIbutton</Filter>
    </ClInclude>
    <ClInclude Include="..\Header\UIplayerstat.h">
      <Filter>02. GameObject\03. UI\05. UIplayerstat</Filter>
    </ClInclude>
    <ClInclude Include="..\Header\UIbigmap.h">
      <Filter>02. GameObject\03. UI\06. UIbigmap</Filter>
    </ClInclude>
    <ClInclude Include="..\Header\UIaimpoint.h">
      <Filter>02. GameObject\03. UI\07. UIaimpoint</Filter>
    </ClInclude>
    <ClInclude Include="..\Header\Editor.h">
      <Filter>01. Scene\02. Editor\00. EditorScene</Filter>
    </ClInclude>
    <ClInclude Include="..\ImGui\imconfig.h">
      <Filter>01. Scene\02. Editor\01. ImGui\01. ImGui</Filter>
    </ClInclude>
    <ClInclude Include="..\ImGui\imgui.h">
      <Filter>01. Scene\02. Editor\01. ImGui\01. ImGui</Filter>
    </ClInclude>
    <ClInclude Include="..\ImGui\imgui_impl_dx9.h">
      <Filter>01. Scene\02. Editor\01. ImGui\01. ImGui</Filter>
    </ClInclude>
    <ClInclude Include="..\ImGui\imgui_impl_win32.h">
      <Filter>01. Scene\02. Editor\01. ImGui\01. ImGui</Filter>
    </ClInclude>
    <ClInclude Include="..\ImGui\imgui_internal.h">
      <Filter>01. Scene\02. Editor\01. ImGui\01. ImGui</Filter>
    </ClInclude>
    <ClInclude Include="..\ImGui\imstb_rectpack.h">
      <Filter>01. Scene\02. Editor\01. ImGui\01. ImGui</Filter>
    </ClInclude>
    <ClInclude Include="..\ImGui\imstb_textedit.h">
      <Filter>01. Scene\02. Editor\01. ImGui\01. ImGui</Filter>
    </ClInclude>
    <ClInclude Include="..\ImGui\imstb_truetype.h">
      <Filter>01. Scene\02. Editor\01. ImGui\01. ImGui</Filter>
    </ClInclude>
    <ClInclude Include="..\Header\ImGuiManager.h">
      <Filter>01. Scene\02. Editor\01. ImGui\00. ImGuiManager</Filter>
    </ClInclude>
    <ClInclude Include="..\Header\BossProjectile.h">
      <Filter>02. GameObject\01. Stage\999. Boss\01.AttackCube</Filter>
    </ClInclude>
    <ClInclude Include="..\Header\SkeletonKing.h">
      <Filter>02. GameObject\01. Stage\999. Boss</Filter>
    </ClInclude>
    <ClInclude Include="FlyingCamera.h">
      <Filter>02. GameObject\02. Editor\00. FlyingCamera</Filter>
    </ClInclude>
    <ClInclude Include="..\Header\OrthoCamera.h">
      <Filter>02. GameObject\02. Editor\01. OrthoCamera</Filter>
    </ClInclude>
    <ClInclude Include="..\Header\CameraManager.h">
      <Filter>02. GameObject\02. Editor\02. CameraManager</Filter>
    </ClInclude>
    <ClInclude Include="..\Header\DungeonWarrior.h">
      <Filter>02. GameObject\01. Stage\05. Monster\01. DungeonWarrior</Filter>
    </ClInclude>
    <ClInclude Include="..\Header\DungeonSpider.h">
      <Filter>02. GameObject\01. Stage\05. Monster\00. DungeonSpider</Filter>
    </ClInclude>
  </ItemGroup>
  <ItemGroup>
    <ClCompile Include="stdafx.cpp">
      <Filter>99. Etc\소스 파일</Filter>
    </ClCompile>
    <ClCompile Include="Client.cpp">
      <Filter>99. Etc\소스 파일</Filter>
    </ClCompile>
    <ClCompile Include="..\Code\MainApp.cpp">
      <Filter>00. MainApp</Filter>
    </ClCompile>
    <ClCompile Include="..\Code\Logo.cpp">
      <Filter>01. Scene\00. Logo</Filter>
    </ClCompile>
    <ClCompile Include="..\Code\BackGround.cpp">
      <Filter>02. GameObject\00. Logo\00. BackGround</Filter>
    </ClCompile>
    <ClCompile Include="..\Code\Player.cpp">
      <Filter>02. GameObject\01. Stage\01. Player</Filter>
    </ClCompile>
    <ClCompile Include="..\Code\Stage.cpp">
      <Filter>01. Scene\01. Stage</Filter>
    </ClCompile>
    <ClCompile Include="..\Code\Terrain.cpp">
      <Filter>02. GameObject\01. Stage\03. Terrain</Filter>
    </ClCompile>
    <ClCompile Include="..\Code\DynamicCamera.cpp">
      <Filter>02. GameObject\04. Public\00. DynamicCamera</Filter>
    </ClCompile>
    <ClCompile Include="..\Code\Loading.cpp">
      <Filter>02. GameObject\04. Public\02. Loading</Filter>
    </ClCompile>
    <ClCompile Include="..\Code\SkyBox.cpp">
      <Filter>02. GameObject\01. Stage\04. SkyBox</Filter>
    </ClCompile>
    <ClCompile Include="..\Code\CubeBlock.cpp">
      <Filter>02. GameObject\01. Stage\05. Cube\00. CubeBlock</Filter>
    </ClCompile>
    <ClCompile Include="..\Code\TempItem.cpp">
      <Filter>02. GameObject\01. Stage\02. Item</Filter>
    </ClCompile>
    <ClCompile Include="..\Code\UIplayerhp.cpp">
      <Filter>02. GameObject\03. UI\00. UIplayerhp</Filter>
    </ClCompile>
    <ClCompile Include="..\Code\UIemptyslot.cpp">
      <Filter>02. GameObject\03. UI\01. UIemptyslot</Filter>
    </ClCompile>
    <ClCompile Include="..\Code\UIitem.cpp">
      <Filter>02. GameObject\03. UI\02. UIitem</Filter>
    </ClCompile>
    <ClCompile Include="..\Code\UItooltip.cpp">
      <Filter>02. GameObject\03. UI\03. UItooltip</Filter>
    </ClCompile>
    <ClCompile Include="..\Code\UIbutton.cpp">
      <Filter>02. GameObject\03. UI\04. UIbutton</Filter>
    </ClCompile>
    <ClCompile Include="..\Code\UIplayerstat.cpp">
      <Filter>02. GameObject\03. UI\05. UIplayerstat</Filter>
    </ClCompile>
    <ClCompile Include="..\Code\UIbigmap.cpp">
      <Filter>02. GameObject\03. UI\06. UIbigmap</Filter>
    </ClCompile>
    <ClCompile Include="..\Code\UIaimpoint.cpp">
      <Filter>02. GameObject\03. UI\07. UIaimpoint</Filter>
    </ClCompile>
    <ClCompile Include="..\Code\Editor.cpp">
      <Filter>01. Scene\02. Editor\00. EditorScene</Filter>
    </ClCompile>
    <ClCompile Include="..\ImGui\imgui.cpp">
      <Filter>01. Scene\02. Editor\01. ImGui\01. ImGui</Filter>
    </ClCompile>
    <ClCompile Include="..\ImGui\imgui_demo.cpp">
      <Filter>01. Scene\02. Editor\01. ImGui\01. ImGui</Filter>
    </ClCompile>
    <ClCompile Include="..\ImGui\imgui_draw.cpp">
      <Filter>01. Scene\02. Editor\01. ImGui\01. ImGui</Filter>
    </ClCompile>
    <ClCompile Include="..\ImGui\imgui_impl_dx9.cpp">
      <Filter>01. Scene\02. Editor\01. ImGui\01. ImGui</Filter>
    </ClCompile>
    <ClCompile Include="..\ImGui\imgui_impl_win32.cpp">
      <Filter>01. Scene\02. Editor\01. ImGui\01. ImGui</Filter>
    </ClCompile>
    <ClCompile Include="..\ImGui\imgui_tables.cpp">
      <Filter>01. Scene\02. Editor\01. ImGui\01. ImGui</Filter>
    </ClCompile>
    <ClCompile Include="..\ImGui\imgui_widgets.cpp">
      <Filter>01. Scene\02. Editor\01. ImGui\01. ImGui</Filter>
    </ClCompile>
    <ClCompile Include="..\Code\ImGuiManager.cpp">
      <Filter>01. Scene\02. Editor\01. ImGui\00. ImGuiManager</Filter>
    </ClCompile>
    <ClCompile Include="..\Code\BossProjectile.cpp">
      <Filter>02. GameObject\01. Stage\999. Boss\01.AttackCube</Filter>
    </ClCompile>
    <ClCompile Include="..\Code\SkeletonKing.cpp">
      <Filter>02. GameObject\01. Stage\999. Boss</Filter>
    </ClCompile>
    <ClCompile Include="..\Code\FlyingCamera.cpp">
      <Filter>02. GameObject\02. Editor\00. FlyingCamera</Filter>
    </ClCompile>
    <ClCompile Include="..\Code\OrthoCamera.cpp">
      <Filter>02. GameObject\02. Editor\01. OrthoCamera</Filter>
    </ClCompile>
    <ClCompile Include="..\Code\CameraManager.cpp">
      <Filter>02. GameObject\02. Editor\02. CameraManager</Filter>
    </ClCompile>
    <ClCompile Include="..\Code\DungeonWarrior.cpp">
      <Filter>02. GameObject\01. Stage\05. Monster\01. DungeonWarrior</Filter>
    </ClCompile>
    <ClCompile Include="..\Code\DungeonSpider.cpp">
      <Filter>02. GameObject\01. Stage\05. Monster\00. DungeonSpider</Filter>
    </ClCompile>
  </ItemGroup>
  <ItemGroup>
    <ResourceCompile Include="Client.rc">
      <Filter>99. Etc\리소스 파일</Filter>
    </ResourceCompile>
  </ItemGroup>
  <ItemGroup>
    <Image Include="small.ico">
      <Filter>99. Etc\리소스 파일</Filter>
    </Image>
    <Image Include="Client.ico">
      <Filter>99. Etc\리소스 파일</Filter>
    </Image>
  </ItemGroup>
  <ItemGroup>
    <Text Include="ReadMe.txt">
      <Filter>99. Etc\리소스 파일</Filter>
    </Text>
  </ItemGroup>
</Project>